// !$*UTF8*$!
{
	archiveVersion = 1;
	classes = {
	};
	objectVersion = 52;
	objects = {

/* Begin PBXBuildFile section */
		0499CE8DD4A456BAD8C8B1C0 /* Pods_CartoonsTests.framework in Frameworks */ = {isa = PBXBuildFile; fileRef = 18E014F8F10D0F6DA632CCE7 /* Pods_CartoonsTests.framework */; };
		20EEE9CA250148DC00970DA6 /* R.generated.swift in Sources */ = {isa = PBXBuildFile; fileRef = 20EEE9C9250148DC00970DA6 /* R.generated.swift */; };
		20EEE9CD25014B4500970DA6 /* GoogleService-Info.plist in Resources */ = {isa = PBXBuildFile; fileRef = 20EEE9CC25014B4500970DA6 /* GoogleService-Info.plist */; };
		330F4DFA252EEFDC008D0FC8 /* MainScreenAssembly.swift in Sources */ = {isa = PBXBuildFile; fileRef = 330F4DF9252EEFDC008D0FC8 /* MainScreenAssembly.swift */; };
		330F4DFF252EF697008D0FC8 /* CartoonsAssembly.swift in Sources */ = {isa = PBXBuildFile; fileRef = 330F4DFE252EF697008D0FC8 /* CartoonsAssembly.swift */; };
		330F4E02252EF74D008D0FC8 /* MainScreenCoordinator.swift in Sources */ = {isa = PBXBuildFile; fileRef = 330F4E01252EF74D008D0FC8 /* MainScreenCoordinator.swift */; };
		330F4E09252F0110008D0FC8 /* FavouritesAssembly.swift in Sources */ = {isa = PBXBuildFile; fileRef = 330F4E08252F0110008D0FC8 /* FavouritesAssembly.swift */; };
		330F4E0D252F073D008D0FC8 /* SettingsAssembly.swift in Sources */ = {isa = PBXBuildFile; fileRef = 330F4E0C252F073D008D0FC8 /* SettingsAssembly.swift */; };
		330F4E10252F0D9B008D0FC8 /* OnboardingAssembly.swift in Sources */ = {isa = PBXBuildFile; fileRef = 330F4E0F252F0D9B008D0FC8 /* OnboardingAssembly.swift */; };
		330F4E16252F0E84008D0FC8 /* OnboardingCoordinator.swift in Sources */ = {isa = PBXBuildFile; fileRef = 330F4E15252F0E84008D0FC8 /* OnboardingCoordinator.swift */; };
		330F4E3425304759008D0FC8 /* AuthorizationServiceProtocol.swift in Sources */ = {isa = PBXBuildFile; fileRef = 330F4E3325304759008D0FC8 /* AuthorizationServiceProtocol.swift */; };
		330F4E3825304D72008D0FC8 /* StorageDataServiceProtocol.swift in Sources */ = {isa = PBXBuildFile; fileRef = 330F4E3725304D72008D0FC8 /* StorageDataServiceProtocol.swift */; };
		330F4E4A25309B9C008D0FC8 /* AuthorizationService.swift in Sources */ = {isa = PBXBuildFile; fileRef = 330F4E4925309B9C008D0FC8 /* AuthorizationService.swift */; };
		330F4E4D25309DEB008D0FC8 /* StorageDataService.swift in Sources */ = {isa = PBXBuildFile; fileRef = 330F4E4C25309DEB008D0FC8 /* StorageDataService.swift */; };
		330F4E642530ED2D008D0FC8 /* AuthorizationManager.swift in Sources */ = {isa = PBXBuildFile; fileRef = 330F4E632530ED2D008D0FC8 /* AuthorizationManager.swift */; };
		330F4E672530EE7B008D0FC8 /* StorageDataManager.swift in Sources */ = {isa = PBXBuildFile; fileRef = 330F4E662530EE7B008D0FC8 /* StorageDataManager.swift */; };
		330F4E702530F5D6008D0FC8 /* UserDataServiceProtocol.swift in Sources */ = {isa = PBXBuildFile; fileRef = 330F4E6F2530F5D6008D0FC8 /* UserDataServiceProtocol.swift */; };
		330F4E752530F65C008D0FC8 /* UserDataManager.swift in Sources */ = {isa = PBXBuildFile; fileRef = 330F4E742530F65C008D0FC8 /* UserDataManager.swift */; };
		330F4E792530F7BD008D0FC8 /* UserDataService.swift in Sources */ = {isa = PBXBuildFile; fileRef = 330F4E782530F7BD008D0FC8 /* UserDataService.swift */; };
		33104A6E2535846100A90ED7 /* CartoonCollectionViewCell.swift in Sources */ = {isa = PBXBuildFile; fileRef = 33104A6D2535846100A90ED7 /* CartoonCollectionViewCell.swift */; };
		33104A752535CF9800A90ED7 /* CartoonsViewController.swift in Sources */ = {isa = PBXBuildFile; fileRef = 33104A742535CF9800A90ED7 /* CartoonsViewController.swift */; };
		33127B472534C31300B84FAE /* Cartoon.swift in Sources */ = {isa = PBXBuildFile; fileRef = 33127B462534C31300B84FAE /* Cartoon.swift */; };
		33127B542534C49300B84FAE /* DetailsViewController.swift in Sources */ = {isa = PBXBuildFile; fileRef = 33127B532534C49300B84FAE /* DetailsViewController.swift */; };
		33127B572534C4A700B84FAE /* DetailsViewProtocol.swift in Sources */ = {isa = PBXBuildFile; fileRef = 33127B562534C4A700B84FAE /* DetailsViewProtocol.swift */; };
		33127B5A2534C4B700B84FAE /* DetailsViewPresenterProtocol.swift in Sources */ = {isa = PBXBuildFile; fileRef = 33127B592534C4B700B84FAE /* DetailsViewPresenterProtocol.swift */; };
		33127B5D2534C4C400B84FAE /* DetailsViewPresenter.swift in Sources */ = {isa = PBXBuildFile; fileRef = 33127B5C2534C4C400B84FAE /* DetailsViewPresenter.swift */; };
		33127B602534C4DB00B84FAE /* VideoPlayerViewController.swift in Sources */ = {isa = PBXBuildFile; fileRef = 33127B5F2534C4DB00B84FAE /* VideoPlayerViewController.swift */; };
		33127B632534C4EF00B84FAE /* VideoPlayerPresenter.swift in Sources */ = {isa = PBXBuildFile; fileRef = 33127B622534C4EF00B84FAE /* VideoPlayerPresenter.swift */; };
		33127B662534C51000B84FAE /* VideoPlayerViewProtocol.swift in Sources */ = {isa = PBXBuildFile; fileRef = 33127B652534C51000B84FAE /* VideoPlayerViewProtocol.swift */; };
		33127B6A2534C53400B84FAE /* VideoPlayerPresenterProtocol.swift in Sources */ = {isa = PBXBuildFile; fileRef = 33127B692534C53400B84FAE /* VideoPlayerPresenterProtocol.swift */; };
		33127B7D25357B0200B84FAE /* Section.swift in Sources */ = {isa = PBXBuildFile; fileRef = 33127B7C25357B0200B84FAE /* Section.swift */; };
		3312EDE624FE859F00158EB6 /* Localizable.strings in Resources */ = {isa = PBXBuildFile; fileRef = 3312EDE824FE859F00158EB6 /* Localizable.strings */; };
		332227C3251896CF00EF56B8 /* FavouritesViewController.swift in Sources */ = {isa = PBXBuildFile; fileRef = 332227C2251896CF00EF56B8 /* FavouritesViewController.swift */; };
		332227C52518970900EF56B8 /* FavouritesPresenter.swift in Sources */ = {isa = PBXBuildFile; fileRef = 332227C42518970900EF56B8 /* FavouritesPresenter.swift */; };
		332227C72518972300EF56B8 /* FavouritesViewPresenterProtocol.swift in Sources */ = {isa = PBXBuildFile; fileRef = 332227C62518972300EF56B8 /* FavouritesViewPresenterProtocol.swift */; };
		332227C92518973500EF56B8 /* FavouritesViewProtocol.swift in Sources */ = {isa = PBXBuildFile; fileRef = 332227C82518973500EF56B8 /* FavouritesViewProtocol.swift */; };
		332227CB251899BC00EF56B8 /* SettingsViewController.swift in Sources */ = {isa = PBXBuildFile; fileRef = 332227CA251899BC00EF56B8 /* SettingsViewController.swift */; };
		332227CD25189A1A00EF56B8 /* SettingsPresenter.swift in Sources */ = {isa = PBXBuildFile; fileRef = 332227CC25189A1A00EF56B8 /* SettingsPresenter.swift */; };
		332227CF25189D0A00EF56B8 /* SettingsViewPresenterProtocol.swift in Sources */ = {isa = PBXBuildFile; fileRef = 332227CE25189D0A00EF56B8 /* SettingsViewPresenterProtocol.swift */; };
		332227D125189D2D00EF56B8 /* SettingsViewProtocol.swift in Sources */ = {isa = PBXBuildFile; fileRef = 332227D025189D2D00EF56B8 /* SettingsViewProtocol.swift */; };
		332BA35925060346008A8F29 /* AuthorizationViewPresenterProtocol.swift in Sources */ = {isa = PBXBuildFile; fileRef = 332BA35825060346008A8F29 /* AuthorizationViewPresenterProtocol.swift */; };
		332BA35B25060543008A8F29 /* AuthorizationViewProtocol.swift in Sources */ = {isa = PBXBuildFile; fileRef = 332BA35A25060543008A8F29 /* AuthorizationViewProtocol.swift */; };
		332BA36125060746008A8F29 /* AuthorizationErrors.swift in Sources */ = {isa = PBXBuildFile; fileRef = 332BA36025060746008A8F29 /* AuthorizationErrors.swift */; };
		332BA36925069D38008A8F29 /* Constants.swift in Sources */ = {isa = PBXBuildFile; fileRef = 332BA36825069D38008A8F29 /* Constants.swift */; };
		332BA36B25076084008A8F29 /* VerificationViewPresenterProtocol.swift in Sources */ = {isa = PBXBuildFile; fileRef = 332BA36A25076084008A8F29 /* VerificationViewPresenterProtocol.swift */; };
		332BA36D2507609C008A8F29 /* VerificationViewProtocol.swift in Sources */ = {isa = PBXBuildFile; fileRef = 332BA36C2507609C008A8F29 /* VerificationViewProtocol.swift */; };
		332BA37025077D9E008A8F29 /* UserDefault.swift in Sources */ = {isa = PBXBuildFile; fileRef = 332BA36F25077D9E008A8F29 /* UserDefault.swift */; };
		3334A4D12523344F00AD18C7 /* AccessErrors.swift in Sources */ = {isa = PBXBuildFile; fileRef = 3334A4D02523344F00AD18C7 /* AccessErrors.swift */; };
		3334A577252630DF00AD18C7 /* Kingfisher in Frameworks */ = {isa = PBXBuildFile; productRef = 3334A576252630DF00AD18C7 /* Kingfisher */; };
		3334A61B2527818A00AD18C7 /* CartoonsTests.swift in Sources */ = {isa = PBXBuildFile; fileRef = 3334A61A2527818A00AD18C7 /* CartoonsTests.swift */; };
		3334A6282527861100AD18C7 /* AuthorizationPresenterTests.swift in Sources */ = {isa = PBXBuildFile; fileRef = 3334A6272527861100AD18C7 /* AuthorizationPresenterTests.swift */; };
		334A5133252B4433003BCF59 /* RootCoordinator.swift in Sources */ = {isa = PBXBuildFile; fileRef = 334A5132252B4433003BCF59 /* RootCoordinator.swift */; };
		334A51C9252CAA53003BCF59 /* CoordinatorProtocol.swift in Sources */ = {isa = PBXBuildFile; fileRef = 334A51C8252CAA53003BCF59 /* CoordinatorProtocol.swift */; };
		334A51DF252CDB34003BCF59 /* PresenterProtocol.swift in Sources */ = {isa = PBXBuildFile; fileRef = 334A51DE252CDB34003BCF59 /* PresenterProtocol.swift */; };
		334A51E2252DB9C3003BCF59 /* Assembly.swift in Sources */ = {isa = PBXBuildFile; fileRef = 334A51E1252DB9C3003BCF59 /* Assembly.swift */; };
		334A51EB252DBAA2003BCF59 /* RootAssembly.swift in Sources */ = {isa = PBXBuildFile; fileRef = 334A51EA252DBAA2003BCF59 /* RootAssembly.swift */; };
		334A51EF252DC008003BCF59 /* AuthorizationCoordinator.swift in Sources */ = {isa = PBXBuildFile; fileRef = 334A51EE252DC007003BCF59 /* AuthorizationCoordinator.swift */; };
		334A51F6252DC742003BCF59 /* AuthorizationAssembly.swift in Sources */ = {isa = PBXBuildFile; fileRef = 334A51F5252DC742003BCF59 /* AuthorizationAssembly.swift */; };
		3355FA73254009B100C0B192 /* CinzelDecorative-Black.ttf in Resources */ = {isa = PBXBuildFile; fileRef = 3355FA722540098B00C0B192 /* CinzelDecorative-Black.ttf */; };
		3355FA75254009B400C0B192 /* CinzelDecorative-Bold.ttf in Resources */ = {isa = PBXBuildFile; fileRef = 3355FA702540098B00C0B192 /* CinzelDecorative-Bold.ttf */; };
		3355FA76254009B600C0B192 /* CinzelDecorative-Regular.ttf in Resources */ = {isa = PBXBuildFile; fileRef = 3355FA712540098B00C0B192 /* CinzelDecorative-Regular.ttf */; };
		3355FA7B2540182200C0B192 /* BorderedLabel.swift in Sources */ = {isa = PBXBuildFile; fileRef = 3355FA7A2540182200C0B192 /* BorderedLabel.swift */; };
		3355FA882540343D00C0B192 /* BaseViewController.swift in Sources */ = {isa = PBXBuildFile; fileRef = 3355FA872540343D00C0B192 /* BaseViewController.swift */; };
		3355FA8B2540346100C0B192 /* BaseViewProtocol.swift in Sources */ = {isa = PBXBuildFile; fileRef = 3355FA8A2540346100C0B192 /* BaseViewProtocol.swift */; };
		3373D945250F588A0095F78C /* PageViewController.swift in Sources */ = {isa = PBXBuildFile; fileRef = 3373D944250F588A0095F78C /* PageViewController.swift */; };
		3373D948250F60B00095F78C /* StreamingFeatureViewController.swift in Sources */ = {isa = PBXBuildFile; fileRef = 3373D947250F60B00095F78C /* StreamingFeatureViewController.swift */; };
		3373D94A250F61020095F78C /* OfflineWatchingFeatureViewController.swift in Sources */ = {isa = PBXBuildFile; fileRef = 3373D949250F61020095F78C /* OfflineWatchingFeatureViewController.swift */; };
		3373D94E250F63CA0095F78C /* AppData.swift in Sources */ = {isa = PBXBuildFile; fileRef = 3373D94D250F63CA0095F78C /* AppData.swift */; };
		3373D952250F95100095F78C /* PageControllerPresenter.swift in Sources */ = {isa = PBXBuildFile; fileRef = 3373D951250F95100095F78C /* PageControllerPresenter.swift */; };
		3373D954250F95240095F78C /* PageViewControllerPresenterProtocol.swift in Sources */ = {isa = PBXBuildFile; fileRef = 3373D953250F95240095F78C /* PageViewControllerPresenterProtocol.swift */; };
		3373D956250F95460095F78C /* PagePresenterProtocol.swift in Sources */ = {isa = PBXBuildFile; fileRef = 3373D955250F95460095F78C /* PagePresenterProtocol.swift */; };
		338614B125385F9D00A24D4F /* AVPlayer + Extension.swift in Sources */ = {isa = PBXBuildFile; fileRef = 338614B025385F9D00A24D4F /* AVPlayer + Extension.swift */; };
		338614B425386B9200A24D4F /* PlayerView.swift in Sources */ = {isa = PBXBuildFile; fileRef = 338614B325386B9200A24D4F /* PlayerView.swift */; };
		338614BC2539882100A24D4F /* VideoPlayerControlsProtocol.swift in Sources */ = {isa = PBXBuildFile; fileRef = 338614BB2539882000A24D4F /* VideoPlayerControlsProtocol.swift */; };
		338614BF2539C01B00A24D4F /* PlayerAssembly.swift in Sources */ = {isa = PBXBuildFile; fileRef = 338614BE2539C01B00A24D4F /* PlayerAssembly.swift */; };
		338614CC253A275800A24D4F /* Double + Extension.swift in Sources */ = {isa = PBXBuildFile; fileRef = 338614CB253A275800A24D4F /* Double + Extension.swift */; };
		339ECE33251A14DC00168C5B /* BaseNavigationController.swift in Sources */ = {isa = PBXBuildFile; fileRef = 339ECE32251A14DC00168C5B /* BaseNavigationController.swift */; };
		33A17537253769460062EC8C /* CustomPlayerControls.swift in Sources */ = {isa = PBXBuildFile; fileRef = 33A17536253769460062EC8C /* CustomPlayerControls.swift */; };
		33A1753C253769D80062EC8C /* CustomSlider.swift in Sources */ = {isa = PBXBuildFile; fileRef = 33A1753B253769D80062EC8C /* CustomSlider.swift */; };
		33A1755825376B390062EC8C /* PlayerControlsView.xib in Resources */ = {isa = PBXBuildFile; fileRef = 33A1755725376B390062EC8C /* PlayerControlsView.xib */; };
		33A3BA2B251CE142004EA0D9 /* General.swift in Sources */ = {isa = PBXBuildFile; fileRef = 33A3BA2A251CE142004EA0D9 /* General.swift */; };
		33A3BA2D251E140F004EA0D9 /* AlertService.swift in Sources */ = {isa = PBXBuildFile; fileRef = 33A3BA2C251E140F004EA0D9 /* AlertService.swift */; };
		33A3BA33251E2E86004EA0D9 /* Optional + Extension.swift in Sources */ = {isa = PBXBuildFile; fileRef = 33A3BA32251E2E86004EA0D9 /* Optional + Extension.swift */; };
		33B1F08B24FFEFCF00DB6BA8 /* AuthorizationViewController.swift in Sources */ = {isa = PBXBuildFile; fileRef = 33B1F08A24FFEFCF00DB6BA8 /* AuthorizationViewController.swift */; };
		33B1F09625000B7900DB6BA8 /* Colors.xcassets in Resources */ = {isa = PBXBuildFile; fileRef = 33B1F09525000B7900DB6BA8 /* Colors.xcassets */; };
		33B2AE9E2508AD860006BE31 /* CustomAlertView.swift in Sources */ = {isa = PBXBuildFile; fileRef = 33B2AE9D2508AD860006BE31 /* CustomAlertView.swift */; };
		33B2AEA02508AE170006BE31 /* AlertView.xib in Resources */ = {isa = PBXBuildFile; fileRef = 33B2AE9F2508AE170006BE31 /* AlertView.xib */; };
		33B2AEA22508B9BA0006BE31 /* AlertType.swift in Sources */ = {isa = PBXBuildFile; fileRef = 33B2AEA12508B9BA0006BE31 /* AlertType.swift */; };
		33B2AEA62508EF670006BE31 /* NumberFormats.swift in Sources */ = {isa = PBXBuildFile; fileRef = 33B2AEA52508EF670006BE31 /* NumberFormats.swift */; };
		33B2AEA9250A18860006BE31 /* PhoneNumberValidationHelper.swift in Sources */ = {isa = PBXBuildFile; fileRef = 33B2AEA8250A18860006BE31 /* PhoneNumberValidationHelper.swift */; };
		33B2AEB2250A63790006BE31 /* CartoonsPresenter.swift in Sources */ = {isa = PBXBuildFile; fileRef = 33B2AEB1250A63790006BE31 /* CartoonsPresenter.swift */; };
		33B2AEB4250A63910006BE31 /* CartoonsViewPresenterProtocol.swift in Sources */ = {isa = PBXBuildFile; fileRef = 33B2AEB3250A63910006BE31 /* CartoonsViewPresenterProtocol.swift */; };
		33B2AEB6250A63A00006BE31 /* CartoonsViewProtocol.swift in Sources */ = {isa = PBXBuildFile; fileRef = 33B2AEB5250A63A00006BE31 /* CartoonsViewProtocol.swift */; };
		33B2AEBB250A702D0006BE31 /* TabBarViewController.swift in Sources */ = {isa = PBXBuildFile; fileRef = 33B2AEBA250A702D0006BE31 /* TabBarViewController.swift */; };
		33B660BB250166C200CA562E /* VerificationViewController.swift in Sources */ = {isa = PBXBuildFile; fileRef = 33B660BA250166C200CA562E /* VerificationViewController.swift */; };
		33B660C1250246CF00CA562E /* String+Extension.swift in Sources */ = {isa = PBXBuildFile; fileRef = 33B660C0250246CF00CA562E /* String+Extension.swift */; };
		33B660C725026DBB00CA562E /* AuthorizationPresenter.swift in Sources */ = {isa = PBXBuildFile; fileRef = 33B660C625026DBB00CA562E /* AuthorizationPresenter.swift */; };
		33B660CC2502D6E600CA562E /* UIViewController+Extension.swift in Sources */ = {isa = PBXBuildFile; fileRef = 33B660CB2502D6E600CA562E /* UIViewController+Extension.swift */; };
		33B660D12502E8A700CA562E /* VerificationViewPresenter.swift in Sources */ = {isa = PBXBuildFile; fileRef = 33B660D02502E8A700CA562E /* VerificationViewPresenter.swift */; };
		33B873CF253F3C69008B45B2 /* UIImage + Extension.swift in Sources */ = {isa = PBXBuildFile; fileRef = 33B873CE253F3C68008B45B2 /* UIImage + Extension.swift */; };
		33EAD3AF2522093000128EEB /* ImagePicker.swift in Sources */ = {isa = PBXBuildFile; fileRef = 33EAD3AE2522093000128EEB /* ImagePicker.swift */; };
		33EE7EA92513569100EA2BF4 /* CustomButton.swift in Sources */ = {isa = PBXBuildFile; fileRef = 33EE7EA82513569100EA2BF4 /* CustomButton.swift */; };
		33EE7EAC25135ADB00EA2BF4 /* Alice-Regular.ttf in Resources */ = {isa = PBXBuildFile; fileRef = 33EE7EAB25135ABA00EA2BF4 /* Alice-Regular.ttf */; };
		33EE7EAF25135D3100EA2BF4 /* CustomTextField.swift in Sources */ = {isa = PBXBuildFile; fileRef = 33EE7EAE25135D3100EA2BF4 /* CustomTextField.swift */; };
		33EE7EB2251360B000EA2BF4 /* CustomLabelView.swift in Sources */ = {isa = PBXBuildFile; fileRef = 33EE7EB1251360B000EA2BF4 /* CustomLabelView.swift */; };
		33EE7EB4251361D000EA2BF4 /* LabelView.xib in Resources */ = {isa = PBXBuildFile; fileRef = 33EE7EB3251361D000EA2BF4 /* LabelView.xib */; };
		33EE7EB62513765500EA2BF4 /* Assets.xcassets in Resources */ = {isa = PBXBuildFile; fileRef = 33EE7EB52513765500EA2BF4 /* Assets.xcassets */; };
		33FF60BB24FA45F40077D109 /* AppDelegate.swift in Sources */ = {isa = PBXBuildFile; fileRef = 33FF60BA24FA45F40077D109 /* AppDelegate.swift */; };
		33FF60C724FA45F80077D109 /* LaunchScreen.storyboard in Resources */ = {isa = PBXBuildFile; fileRef = 33FF60C524FA45F80077D109 /* LaunchScreen.storyboard */; };
		CC0829AD7450E31B34F97A5A /* Pods_Cartoons.framework in Frameworks */ = {isa = PBXBuildFile; fileRef = 481551CF71DC885446983E5B /* Pods_Cartoons.framework */; };
/* End PBXBuildFile section */

/* Begin PBXContainerItemProxy section */
		3334A61D2527818A00AD18C7 /* PBXContainerItemProxy */ = {
			isa = PBXContainerItemProxy;
			containerPortal = 33FF60AF24FA45F40077D109 /* Project object */;
			proxyType = 1;
			remoteGlobalIDString = 33FF60B624FA45F40077D109;
			remoteInfo = Cartoons;
		};
/* End PBXContainerItemProxy section */

/* Begin PBXCopyFilesBuildPhase section */
		3334A5742526304000AD18C7 /* Embed Frameworks */ = {
			isa = PBXCopyFilesBuildPhase;
			buildActionMask = 2147483647;
			dstPath = "";
			dstSubfolderSpec = 10;
			files = (
			);
			name = "Embed Frameworks";
			runOnlyForDeploymentPostprocessing = 0;
		};
/* End PBXCopyFilesBuildPhase section */

/* Begin PBXFileReference section */
		18E014F8F10D0F6DA632CCE7 /* Pods_CartoonsTests.framework */ = {isa = PBXFileReference; explicitFileType = wrapper.framework; includeInIndex = 0; path = Pods_CartoonsTests.framework; sourceTree = BUILT_PRODUCTS_DIR; };
		20EEE9C9250148DC00970DA6 /* R.generated.swift */ = {isa = PBXFileReference; fileEncoding = 4; lastKnownFileType = sourcecode.swift; path = R.generated.swift; sourceTree = "<group>"; };
		20EEE9CC25014B4500970DA6 /* GoogleService-Info.plist */ = {isa = PBXFileReference; lastKnownFileType = text.plist; name = "GoogleService-Info.plist"; path = "Cartoons/Resources/GoogleService-Info.plist"; sourceTree = SOURCE_ROOT; };
		330F4DF9252EEFDC008D0FC8 /* MainScreenAssembly.swift */ = {isa = PBXFileReference; lastKnownFileType = sourcecode.swift; path = MainScreenAssembly.swift; sourceTree = "<group>"; };
		330F4DFE252EF697008D0FC8 /* CartoonsAssembly.swift */ = {isa = PBXFileReference; lastKnownFileType = sourcecode.swift; path = CartoonsAssembly.swift; sourceTree = "<group>"; };
		330F4E01252EF74D008D0FC8 /* MainScreenCoordinator.swift */ = {isa = PBXFileReference; lastKnownFileType = sourcecode.swift; path = MainScreenCoordinator.swift; sourceTree = "<group>"; };
		330F4E08252F0110008D0FC8 /* FavouritesAssembly.swift */ = {isa = PBXFileReference; lastKnownFileType = sourcecode.swift; path = FavouritesAssembly.swift; sourceTree = "<group>"; };
		330F4E0C252F073D008D0FC8 /* SettingsAssembly.swift */ = {isa = PBXFileReference; lastKnownFileType = sourcecode.swift; path = SettingsAssembly.swift; sourceTree = "<group>"; };
		330F4E0F252F0D9B008D0FC8 /* OnboardingAssembly.swift */ = {isa = PBXFileReference; lastKnownFileType = sourcecode.swift; path = OnboardingAssembly.swift; sourceTree = "<group>"; };
		330F4E15252F0E84008D0FC8 /* OnboardingCoordinator.swift */ = {isa = PBXFileReference; lastKnownFileType = sourcecode.swift; path = OnboardingCoordinator.swift; sourceTree = "<group>"; };
		330F4E3325304759008D0FC8 /* AuthorizationServiceProtocol.swift */ = {isa = PBXFileReference; lastKnownFileType = sourcecode.swift; path = AuthorizationServiceProtocol.swift; sourceTree = "<group>"; };
		330F4E3725304D72008D0FC8 /* StorageDataServiceProtocol.swift */ = {isa = PBXFileReference; lastKnownFileType = sourcecode.swift; path = StorageDataServiceProtocol.swift; sourceTree = "<group>"; };
		330F4E4925309B9C008D0FC8 /* AuthorizationService.swift */ = {isa = PBXFileReference; lastKnownFileType = sourcecode.swift; path = AuthorizationService.swift; sourceTree = "<group>"; };
		330F4E4C25309DEB008D0FC8 /* StorageDataService.swift */ = {isa = PBXFileReference; lastKnownFileType = sourcecode.swift; path = StorageDataService.swift; sourceTree = "<group>"; };
		330F4E632530ED2D008D0FC8 /* AuthorizationManager.swift */ = {isa = PBXFileReference; lastKnownFileType = sourcecode.swift; path = AuthorizationManager.swift; sourceTree = "<group>"; };
		330F4E662530EE7B008D0FC8 /* StorageDataManager.swift */ = {isa = PBXFileReference; lastKnownFileType = sourcecode.swift; path = StorageDataManager.swift; sourceTree = "<group>"; };
		330F4E6F2530F5D6008D0FC8 /* UserDataServiceProtocol.swift */ = {isa = PBXFileReference; lastKnownFileType = sourcecode.swift; path = UserDataServiceProtocol.swift; sourceTree = "<group>"; };
		330F4E742530F65C008D0FC8 /* UserDataManager.swift */ = {isa = PBXFileReference; lastKnownFileType = sourcecode.swift; path = UserDataManager.swift; sourceTree = "<group>"; };
		330F4E782530F7BD008D0FC8 /* UserDataService.swift */ = {isa = PBXFileReference; lastKnownFileType = sourcecode.swift; path = UserDataService.swift; sourceTree = "<group>"; };
		33104A6D2535846100A90ED7 /* CartoonCollectionViewCell.swift */ = {isa = PBXFileReference; lastKnownFileType = sourcecode.swift; path = CartoonCollectionViewCell.swift; sourceTree = "<group>"; };
		33104A742535CF9800A90ED7 /* CartoonsViewController.swift */ = {isa = PBXFileReference; lastKnownFileType = sourcecode.swift; path = CartoonsViewController.swift; sourceTree = "<group>"; };
		33127B462534C31300B84FAE /* Cartoon.swift */ = {isa = PBXFileReference; lastKnownFileType = sourcecode.swift; path = Cartoon.swift; sourceTree = "<group>"; };
		33127B532534C49300B84FAE /* DetailsViewController.swift */ = {isa = PBXFileReference; lastKnownFileType = sourcecode.swift; path = DetailsViewController.swift; sourceTree = "<group>"; };
		33127B562534C4A700B84FAE /* DetailsViewProtocol.swift */ = {isa = PBXFileReference; lastKnownFileType = sourcecode.swift; path = DetailsViewProtocol.swift; sourceTree = "<group>"; };
		33127B592534C4B700B84FAE /* DetailsViewPresenterProtocol.swift */ = {isa = PBXFileReference; lastKnownFileType = sourcecode.swift; path = DetailsViewPresenterProtocol.swift; sourceTree = "<group>"; };
		33127B5C2534C4C400B84FAE /* DetailsViewPresenter.swift */ = {isa = PBXFileReference; lastKnownFileType = sourcecode.swift; path = DetailsViewPresenter.swift; sourceTree = "<group>"; };
		33127B5F2534C4DB00B84FAE /* VideoPlayerViewController.swift */ = {isa = PBXFileReference; lastKnownFileType = sourcecode.swift; path = VideoPlayerViewController.swift; sourceTree = "<group>"; };
		33127B622534C4EF00B84FAE /* VideoPlayerPresenter.swift */ = {isa = PBXFileReference; lastKnownFileType = sourcecode.swift; path = VideoPlayerPresenter.swift; sourceTree = "<group>"; };
		33127B652534C51000B84FAE /* VideoPlayerViewProtocol.swift */ = {isa = PBXFileReference; lastKnownFileType = sourcecode.swift; path = VideoPlayerViewProtocol.swift; sourceTree = "<group>"; };
		33127B692534C53400B84FAE /* VideoPlayerPresenterProtocol.swift */ = {isa = PBXFileReference; lastKnownFileType = sourcecode.swift; path = VideoPlayerPresenterProtocol.swift; sourceTree = "<group>"; };
		33127B7C25357B0200B84FAE /* Section.swift */ = {isa = PBXFileReference; lastKnownFileType = sourcecode.swift; path = Section.swift; sourceTree = "<group>"; };
		3312EDE724FE859F00158EB6 /* en */ = {isa = PBXFileReference; lastKnownFileType = text.plist.strings; name = en; path = en.lproj/Localizable.strings; sourceTree = "<group>"; };
		332227C2251896CF00EF56B8 /* FavouritesViewController.swift */ = {isa = PBXFileReference; lastKnownFileType = sourcecode.swift; path = FavouritesViewController.swift; sourceTree = "<group>"; };
		332227C42518970900EF56B8 /* FavouritesPresenter.swift */ = {isa = PBXFileReference; lastKnownFileType = sourcecode.swift; path = FavouritesPresenter.swift; sourceTree = "<group>"; };
		332227C62518972300EF56B8 /* FavouritesViewPresenterProtocol.swift */ = {isa = PBXFileReference; lastKnownFileType = sourcecode.swift; path = FavouritesViewPresenterProtocol.swift; sourceTree = "<group>"; };
		332227C82518973500EF56B8 /* FavouritesViewProtocol.swift */ = {isa = PBXFileReference; lastKnownFileType = sourcecode.swift; path = FavouritesViewProtocol.swift; sourceTree = "<group>"; };
		332227CA251899BC00EF56B8 /* SettingsViewController.swift */ = {isa = PBXFileReference; lastKnownFileType = sourcecode.swift; path = SettingsViewController.swift; sourceTree = "<group>"; };
		332227CC25189A1A00EF56B8 /* SettingsPresenter.swift */ = {isa = PBXFileReference; lastKnownFileType = sourcecode.swift; path = SettingsPresenter.swift; sourceTree = "<group>"; };
		332227CE25189D0A00EF56B8 /* SettingsViewPresenterProtocol.swift */ = {isa = PBXFileReference; lastKnownFileType = sourcecode.swift; path = SettingsViewPresenterProtocol.swift; sourceTree = "<group>"; };
		332227D025189D2D00EF56B8 /* SettingsViewProtocol.swift */ = {isa = PBXFileReference; lastKnownFileType = sourcecode.swift; path = SettingsViewProtocol.swift; sourceTree = "<group>"; };
		332BA35825060346008A8F29 /* AuthorizationViewPresenterProtocol.swift */ = {isa = PBXFileReference; lastKnownFileType = sourcecode.swift; path = AuthorizationViewPresenterProtocol.swift; sourceTree = "<group>"; };
		332BA35A25060543008A8F29 /* AuthorizationViewProtocol.swift */ = {isa = PBXFileReference; lastKnownFileType = sourcecode.swift; path = AuthorizationViewProtocol.swift; sourceTree = "<group>"; };
		332BA36025060746008A8F29 /* AuthorizationErrors.swift */ = {isa = PBXFileReference; lastKnownFileType = sourcecode.swift; path = AuthorizationErrors.swift; sourceTree = "<group>"; };
		332BA36825069D38008A8F29 /* Constants.swift */ = {isa = PBXFileReference; lastKnownFileType = sourcecode.swift; path = Constants.swift; sourceTree = "<group>"; };
		332BA36A25076084008A8F29 /* VerificationViewPresenterProtocol.swift */ = {isa = PBXFileReference; lastKnownFileType = sourcecode.swift; path = VerificationViewPresenterProtocol.swift; sourceTree = "<group>"; };
		332BA36C2507609C008A8F29 /* VerificationViewProtocol.swift */ = {isa = PBXFileReference; lastKnownFileType = sourcecode.swift; path = VerificationViewProtocol.swift; sourceTree = "<group>"; };
		332BA36F25077D9E008A8F29 /* UserDefault.swift */ = {isa = PBXFileReference; lastKnownFileType = sourcecode.swift; path = UserDefault.swift; sourceTree = "<group>"; };
		3334A4D02523344F00AD18C7 /* AccessErrors.swift */ = {isa = PBXFileReference; lastKnownFileType = sourcecode.swift; path = AccessErrors.swift; sourceTree = "<group>"; };
		3334A6182527818A00AD18C7 /* CartoonsTests.xctest */ = {isa = PBXFileReference; explicitFileType = wrapper.cfbundle; includeInIndex = 0; path = CartoonsTests.xctest; sourceTree = BUILT_PRODUCTS_DIR; };
		3334A61A2527818A00AD18C7 /* CartoonsTests.swift */ = {isa = PBXFileReference; lastKnownFileType = sourcecode.swift; path = CartoonsTests.swift; sourceTree = "<group>"; };
		3334A61C2527818A00AD18C7 /* Info.plist */ = {isa = PBXFileReference; lastKnownFileType = text.plist.xml; path = Info.plist; sourceTree = "<group>"; };
		3334A6272527861100AD18C7 /* AuthorizationPresenterTests.swift */ = {isa = PBXFileReference; lastKnownFileType = sourcecode.swift; path = AuthorizationPresenterTests.swift; sourceTree = "<group>"; };
		334A5132252B4433003BCF59 /* RootCoordinator.swift */ = {isa = PBXFileReference; lastKnownFileType = sourcecode.swift; path = RootCoordinator.swift; sourceTree = "<group>"; };
		334A51C8252CAA53003BCF59 /* CoordinatorProtocol.swift */ = {isa = PBXFileReference; lastKnownFileType = sourcecode.swift; path = CoordinatorProtocol.swift; sourceTree = "<group>"; };
		334A51DE252CDB34003BCF59 /* PresenterProtocol.swift */ = {isa = PBXFileReference; lastKnownFileType = sourcecode.swift; path = PresenterProtocol.swift; sourceTree = "<group>"; };
		334A51E1252DB9C3003BCF59 /* Assembly.swift */ = {isa = PBXFileReference; lastKnownFileType = sourcecode.swift; path = Assembly.swift; sourceTree = "<group>"; };
		334A51EA252DBAA2003BCF59 /* RootAssembly.swift */ = {isa = PBXFileReference; lastKnownFileType = sourcecode.swift; path = RootAssembly.swift; sourceTree = "<group>"; };
		334A51EE252DC007003BCF59 /* AuthorizationCoordinator.swift */ = {isa = PBXFileReference; lastKnownFileType = sourcecode.swift; path = AuthorizationCoordinator.swift; sourceTree = "<group>"; };
		334A51F5252DC742003BCF59 /* AuthorizationAssembly.swift */ = {isa = PBXFileReference; lastKnownFileType = sourcecode.swift; path = AuthorizationAssembly.swift; sourceTree = "<group>"; };
		3355FA702540098B00C0B192 /* CinzelDecorative-Bold.ttf */ = {isa = PBXFileReference; lastKnownFileType = file; path = "CinzelDecorative-Bold.ttf"; sourceTree = "<group>"; };
		3355FA712540098B00C0B192 /* CinzelDecorative-Regular.ttf */ = {isa = PBXFileReference; lastKnownFileType = file; path = "CinzelDecorative-Regular.ttf"; sourceTree = "<group>"; };
		3355FA722540098B00C0B192 /* CinzelDecorative-Black.ttf */ = {isa = PBXFileReference; lastKnownFileType = file; path = "CinzelDecorative-Black.ttf"; sourceTree = "<group>"; };
		3355FA7A2540182200C0B192 /* BorderedLabel.swift */ = {isa = PBXFileReference; lastKnownFileType = sourcecode.swift; path = BorderedLabel.swift; sourceTree = "<group>"; };
		3355FA872540343D00C0B192 /* BaseViewController.swift */ = {isa = PBXFileReference; lastKnownFileType = sourcecode.swift; path = BaseViewController.swift; sourceTree = "<group>"; };
		3355FA8A2540346100C0B192 /* BaseViewProtocol.swift */ = {isa = PBXFileReference; lastKnownFileType = sourcecode.swift; path = BaseViewProtocol.swift; sourceTree = "<group>"; };
		33710661943FC0E3F567D415 /* Pods-CartoonsTests.release.xcconfig */ = {isa = PBXFileReference; includeInIndex = 1; lastKnownFileType = text.xcconfig; name = "Pods-CartoonsTests.release.xcconfig"; path = "Target Support Files/Pods-CartoonsTests/Pods-CartoonsTests.release.xcconfig"; sourceTree = "<group>"; };
		3373D944250F588A0095F78C /* PageViewController.swift */ = {isa = PBXFileReference; lastKnownFileType = sourcecode.swift; path = PageViewController.swift; sourceTree = "<group>"; };
		3373D947250F60B00095F78C /* StreamingFeatureViewController.swift */ = {isa = PBXFileReference; lastKnownFileType = sourcecode.swift; path = StreamingFeatureViewController.swift; sourceTree = "<group>"; };
		3373D949250F61020095F78C /* OfflineWatchingFeatureViewController.swift */ = {isa = PBXFileReference; lastKnownFileType = sourcecode.swift; path = OfflineWatchingFeatureViewController.swift; sourceTree = "<group>"; };
		3373D94D250F63CA0095F78C /* AppData.swift */ = {isa = PBXFileReference; lastKnownFileType = sourcecode.swift; path = AppData.swift; sourceTree = "<group>"; };
		3373D951250F95100095F78C /* PageControllerPresenter.swift */ = {isa = PBXFileReference; lastKnownFileType = sourcecode.swift; path = PageControllerPresenter.swift; sourceTree = "<group>"; };
		3373D953250F95240095F78C /* PageViewControllerPresenterProtocol.swift */ = {isa = PBXFileReference; lastKnownFileType = sourcecode.swift; path = PageViewControllerPresenterProtocol.swift; sourceTree = "<group>"; };
		3373D955250F95460095F78C /* PagePresenterProtocol.swift */ = {isa = PBXFileReference; lastKnownFileType = sourcecode.swift; path = PagePresenterProtocol.swift; sourceTree = "<group>"; };
		338614B025385F9D00A24D4F /* AVPlayer + Extension.swift */ = {isa = PBXFileReference; lastKnownFileType = sourcecode.swift; path = "AVPlayer + Extension.swift"; sourceTree = "<group>"; };
		338614B325386B9200A24D4F /* PlayerView.swift */ = {isa = PBXFileReference; lastKnownFileType = sourcecode.swift; path = PlayerView.swift; sourceTree = "<group>"; };
		338614BB2539882000A24D4F /* VideoPlayerControlsProtocol.swift */ = {isa = PBXFileReference; lastKnownFileType = sourcecode.swift; path = VideoPlayerControlsProtocol.swift; sourceTree = "<group>"; };
		338614BE2539C01B00A24D4F /* PlayerAssembly.swift */ = {isa = PBXFileReference; lastKnownFileType = sourcecode.swift; path = PlayerAssembly.swift; sourceTree = "<group>"; };
		338614CB253A275800A24D4F /* Double + Extension.swift */ = {isa = PBXFileReference; lastKnownFileType = sourcecode.swift; path = "Double + Extension.swift"; sourceTree = "<group>"; };
		339ECE32251A14DC00168C5B /* BaseNavigationController.swift */ = {isa = PBXFileReference; lastKnownFileType = sourcecode.swift; path = BaseNavigationController.swift; sourceTree = "<group>"; };
		33A17536253769460062EC8C /* CustomPlayerControls.swift */ = {isa = PBXFileReference; lastKnownFileType = sourcecode.swift; path = CustomPlayerControls.swift; sourceTree = "<group>"; };
		33A1753B253769D80062EC8C /* CustomSlider.swift */ = {isa = PBXFileReference; lastKnownFileType = sourcecode.swift; path = CustomSlider.swift; sourceTree = "<group>"; };
		33A1755725376B390062EC8C /* PlayerControlsView.xib */ = {isa = PBXFileReference; lastKnownFileType = file.xib; path = PlayerControlsView.xib; sourceTree = "<group>"; };
		33A3BA2A251CE142004EA0D9 /* General.swift */ = {isa = PBXFileReference; lastKnownFileType = sourcecode.swift; path = General.swift; sourceTree = "<group>"; };
		33A3BA2C251E140F004EA0D9 /* AlertService.swift */ = {isa = PBXFileReference; lastKnownFileType = sourcecode.swift; path = AlertService.swift; sourceTree = "<group>"; };
		33A3BA32251E2E86004EA0D9 /* Optional + Extension.swift */ = {isa = PBXFileReference; lastKnownFileType = sourcecode.swift; path = "Optional + Extension.swift"; sourceTree = "<group>"; };
		33B1F08A24FFEFCF00DB6BA8 /* AuthorizationViewController.swift */ = {isa = PBXFileReference; lastKnownFileType = sourcecode.swift; path = AuthorizationViewController.swift; sourceTree = "<group>"; };
		33B1F09525000B7900DB6BA8 /* Colors.xcassets */ = {isa = PBXFileReference; lastKnownFileType = folder.assetcatalog; path = Colors.xcassets; sourceTree = "<group>"; };
		33B2AE9D2508AD860006BE31 /* CustomAlertView.swift */ = {isa = PBXFileReference; lastKnownFileType = sourcecode.swift; path = CustomAlertView.swift; sourceTree = "<group>"; };
		33B2AE9F2508AE170006BE31 /* AlertView.xib */ = {isa = PBXFileReference; lastKnownFileType = file.xib; path = AlertView.xib; sourceTree = "<group>"; };
		33B2AEA12508B9BA0006BE31 /* AlertType.swift */ = {isa = PBXFileReference; lastKnownFileType = sourcecode.swift; path = AlertType.swift; sourceTree = "<group>"; };
		33B2AEA52508EF670006BE31 /* NumberFormats.swift */ = {isa = PBXFileReference; lastKnownFileType = sourcecode.swift; path = NumberFormats.swift; sourceTree = "<group>"; };
		33B2AEA8250A18860006BE31 /* PhoneNumberValidationHelper.swift */ = {isa = PBXFileReference; lastKnownFileType = sourcecode.swift; path = PhoneNumberValidationHelper.swift; sourceTree = "<group>"; };
		33B2AEB1250A63790006BE31 /* CartoonsPresenter.swift */ = {isa = PBXFileReference; lastKnownFileType = sourcecode.swift; path = CartoonsPresenter.swift; sourceTree = "<group>"; };
		33B2AEB3250A63910006BE31 /* CartoonsViewPresenterProtocol.swift */ = {isa = PBXFileReference; lastKnownFileType = sourcecode.swift; path = CartoonsViewPresenterProtocol.swift; sourceTree = "<group>"; };
		33B2AEB5250A63A00006BE31 /* CartoonsViewProtocol.swift */ = {isa = PBXFileReference; lastKnownFileType = sourcecode.swift; path = CartoonsViewProtocol.swift; sourceTree = "<group>"; };
		33B2AEBA250A702D0006BE31 /* TabBarViewController.swift */ = {isa = PBXFileReference; lastKnownFileType = sourcecode.swift; path = TabBarViewController.swift; sourceTree = "<group>"; };
		33B660BA250166C200CA562E /* VerificationViewController.swift */ = {isa = PBXFileReference; lastKnownFileType = sourcecode.swift; path = VerificationViewController.swift; sourceTree = "<group>"; };
		33B660C0250246CF00CA562E /* String+Extension.swift */ = {isa = PBXFileReference; lastKnownFileType = sourcecode.swift; path = "String+Extension.swift"; sourceTree = "<group>"; };
		33B660C625026DBB00CA562E /* AuthorizationPresenter.swift */ = {isa = PBXFileReference; lastKnownFileType = sourcecode.swift; path = AuthorizationPresenter.swift; sourceTree = "<group>"; };
		33B660CB2502D6E600CA562E /* UIViewController+Extension.swift */ = {isa = PBXFileReference; lastKnownFileType = sourcecode.swift; path = "UIViewController+Extension.swift"; sourceTree = "<group>"; };
		33B660D02502E8A700CA562E /* VerificationViewPresenter.swift */ = {isa = PBXFileReference; lastKnownFileType = sourcecode.swift; path = VerificationViewPresenter.swift; sourceTree = "<group>"; };
		33B873CE253F3C68008B45B2 /* UIImage + Extension.swift */ = {isa = PBXFileReference; lastKnownFileType = sourcecode.swift; path = "UIImage + Extension.swift"; sourceTree = "<group>"; };
		33EAD3AE2522093000128EEB /* ImagePicker.swift */ = {isa = PBXFileReference; lastKnownFileType = sourcecode.swift; path = ImagePicker.swift; sourceTree = "<group>"; };
		33EE7EA82513569100EA2BF4 /* CustomButton.swift */ = {isa = PBXFileReference; lastKnownFileType = sourcecode.swift; path = CustomButton.swift; sourceTree = "<group>"; };
		33EE7EAB25135ABA00EA2BF4 /* Alice-Regular.ttf */ = {isa = PBXFileReference; lastKnownFileType = file; path = "Alice-Regular.ttf"; sourceTree = "<group>"; };
		33EE7EAE25135D3100EA2BF4 /* CustomTextField.swift */ = {isa = PBXFileReference; lastKnownFileType = sourcecode.swift; path = CustomTextField.swift; sourceTree = "<group>"; };
		33EE7EB1251360B000EA2BF4 /* CustomLabelView.swift */ = {isa = PBXFileReference; lastKnownFileType = sourcecode.swift; path = CustomLabelView.swift; sourceTree = "<group>"; };
		33EE7EB3251361D000EA2BF4 /* LabelView.xib */ = {isa = PBXFileReference; lastKnownFileType = file.xib; path = LabelView.xib; sourceTree = "<group>"; };
		33EE7EB52513765500EA2BF4 /* Assets.xcassets */ = {isa = PBXFileReference; lastKnownFileType = folder.assetcatalog; path = Assets.xcassets; sourceTree = "<group>"; };
		33FF60B724FA45F40077D109 /* Cartoons.app */ = {isa = PBXFileReference; explicitFileType = wrapper.application; includeInIndex = 0; path = Cartoons.app; sourceTree = BUILT_PRODUCTS_DIR; };
		33FF60BA24FA45F40077D109 /* AppDelegate.swift */ = {isa = PBXFileReference; lastKnownFileType = sourcecode.swift; path = AppDelegate.swift; sourceTree = "<group>"; };
		33FF60C624FA45F80077D109 /* Base */ = {isa = PBXFileReference; lastKnownFileType = file.storyboard; name = Base; path = Base.lproj/LaunchScreen.storyboard; sourceTree = "<group>"; };
		33FF60C824FA45F80077D109 /* Info.plist */ = {isa = PBXFileReference; lastKnownFileType = text.plist.xml; path = Info.plist; sourceTree = "<group>"; };
		481551CF71DC885446983E5B /* Pods_Cartoons.framework */ = {isa = PBXFileReference; explicitFileType = wrapper.framework; includeInIndex = 0; path = Pods_Cartoons.framework; sourceTree = BUILT_PRODUCTS_DIR; };
		6CBC91D95B99F79D86B0ED70 /* Pods-Cartoons.release.xcconfig */ = {isa = PBXFileReference; includeInIndex = 1; lastKnownFileType = text.xcconfig; name = "Pods-Cartoons.release.xcconfig"; path = "Target Support Files/Pods-Cartoons/Pods-Cartoons.release.xcconfig"; sourceTree = "<group>"; };
		7B69CCD3D5D1FAC505B09856 /* Pods-Cartoons.debug.xcconfig */ = {isa = PBXFileReference; includeInIndex = 1; lastKnownFileType = text.xcconfig; name = "Pods-Cartoons.debug.xcconfig"; path = "Target Support Files/Pods-Cartoons/Pods-Cartoons.debug.xcconfig"; sourceTree = "<group>"; };
		F1B3FFE22D6CCF9FF9325C4E /* Pods-CartoonsTests.debug.xcconfig */ = {isa = PBXFileReference; includeInIndex = 1; lastKnownFileType = text.xcconfig; name = "Pods-CartoonsTests.debug.xcconfig"; path = "Target Support Files/Pods-CartoonsTests/Pods-CartoonsTests.debug.xcconfig"; sourceTree = "<group>"; };
/* End PBXFileReference section */

/* Begin PBXFrameworksBuildPhase section */
		3334A6152527818900AD18C7 /* Frameworks */ = {
			isa = PBXFrameworksBuildPhase;
			buildActionMask = 2147483647;
			files = (
				0499CE8DD4A456BAD8C8B1C0 /* Pods_CartoonsTests.framework in Frameworks */,
			);
			runOnlyForDeploymentPostprocessing = 0;
		};
		33FF60B424FA45F40077D109 /* Frameworks */ = {
			isa = PBXFrameworksBuildPhase;
			buildActionMask = 2147483647;
			files = (
				3334A577252630DF00AD18C7 /* Kingfisher in Frameworks */,
				CC0829AD7450E31B34F97A5A /* Pods_Cartoons.framework in Frameworks */,
			);
			runOnlyForDeploymentPostprocessing = 0;
		};
/* End PBXFrameworksBuildPhase section */

/* Begin PBXGroup section */
		20EEE9CB25014A3000970DA6 /* Generated */ = {
			isa = PBXGroup;
			children = (
				20EEE9C9250148DC00970DA6 /* R.generated.swift */,
				20EEE9CC25014B4500970DA6 /* GoogleService-Info.plist */,
			);
			path = Generated;
			sourceTree = "<group>";
		};
		330F4E3225304743008D0FC8 /* Protocols */ = {
			isa = PBXGroup;
			children = (
				330F4E3325304759008D0FC8 /* AuthorizationServiceProtocol.swift */,
				330F4E3725304D72008D0FC8 /* StorageDataServiceProtocol.swift */,
				330F4E6F2530F5D6008D0FC8 /* UserDataServiceProtocol.swift */,
			);
			path = Protocols;
			sourceTree = "<group>";
		};
		330F4E622530ED1A008D0FC8 /* Managers */ = {
			isa = PBXGroup;
			children = (
				330F4E632530ED2D008D0FC8 /* AuthorizationManager.swift */,
				330F4E662530EE7B008D0FC8 /* StorageDataManager.swift */,
				330F4E742530F65C008D0FC8 /* UserDataManager.swift */,
			);
			path = Managers;
			sourceTree = "<group>";
		};
		33127B1725330B4700B84FAE /* Protocols */ = {
			isa = PBXGroup;
			children = (
				332BA35A25060543008A8F29 /* AuthorizationViewProtocol.swift */,
				332BA35825060346008A8F29 /* AuthorizationViewPresenterProtocol.swift */,
			);
			path = Protocols;
			sourceTree = "<group>";
		};
		33127B1925330BDD00B84FAE /* Protocols */ = {
			isa = PBXGroup;
			children = (
				332BA36A25076084008A8F29 /* VerificationViewPresenterProtocol.swift */,
				332BA36C2507609C008A8F29 /* VerificationViewProtocol.swift */,
			);
			path = Protocols;
			sourceTree = "<group>";
		};
		33127B1A25330C0300B84FAE /* Protocols */ = {
			isa = PBXGroup;
			children = (
				33B2AEB3250A63910006BE31 /* CartoonsViewPresenterProtocol.swift */,
				33B2AEB5250A63A00006BE31 /* CartoonsViewProtocol.swift */,
			);
			path = Protocols;
			sourceTree = "<group>";
		};
		33127B1B25330C1700B84FAE /* Protocols */ = {
			isa = PBXGroup;
			children = (
				332227C62518972300EF56B8 /* FavouritesViewPresenterProtocol.swift */,
				332227C82518973500EF56B8 /* FavouritesViewProtocol.swift */,
			);
			path = Protocols;
			sourceTree = "<group>";
		};
		33127B1C25330C2400B84FAE /* Protocols */ = {
			isa = PBXGroup;
			children = (
				332227CE25189D0A00EF56B8 /* SettingsViewPresenterProtocol.swift */,
				332227D025189D2D00EF56B8 /* SettingsViewProtocol.swift */,
			);
			path = Protocols;
			sourceTree = "<group>";
		};
		33127B1E25330C5200B84FAE /* Protocols */ = {
			isa = PBXGroup;
			children = (
				3373D953250F95240095F78C /* PageViewControllerPresenterProtocol.swift */,
				3373D955250F95460095F78C /* PagePresenterProtocol.swift */,
			);
			path = Protocols;
			sourceTree = "<group>";
		};
		33127B452534C30100B84FAE /* Model */ = {
			isa = PBXGroup;
			children = (
				33127B462534C31300B84FAE /* Cartoon.swift */,
				33127B7C25357B0200B84FAE /* Section.swift */,
			);
			path = Model;
			sourceTree = "<group>";
		};
		33127B4A2534C41C00B84FAE /* VideoPlayerControls */ = {
			isa = PBXGroup;
			children = (
				33A17536253769460062EC8C /* CustomPlayerControls.swift */,
				33A1753B253769D80062EC8C /* CustomSlider.swift */,
				33A1755725376B390062EC8C /* PlayerControlsView.xib */,
			);
			path = VideoPlayerControls;
			sourceTree = "<group>";
		};
		33127B4B2534C42B00B84FAE /* DetailsModule */ = {
			isa = PBXGroup;
			children = (
				33127B512534C47300B84FAE /* Protocols */,
				33127B4D2534C44100B84FAE /* Presenter */,
				33127B4C2534C43C00B84FAE /* View */,
			);
			path = DetailsModule;
			sourceTree = "<group>";
		};
		33127B4C2534C43C00B84FAE /* View */ = {
			isa = PBXGroup;
			children = (
				33127B532534C49300B84FAE /* DetailsViewController.swift */,
			);
			path = View;
			sourceTree = "<group>";
		};
		33127B4D2534C44100B84FAE /* Presenter */ = {
			isa = PBXGroup;
			children = (
				33127B5C2534C4C400B84FAE /* DetailsViewPresenter.swift */,
			);
			path = Presenter;
			sourceTree = "<group>";
		};
		33127B4E2534C44800B84FAE /* PlayerModule */ = {
			isa = PBXGroup;
			children = (
				33127B522534C48000B84FAE /* Protocols */,
				33127B502534C45A00B84FAE /* Presenter */,
				33127B4F2534C45500B84FAE /* View */,
			);
			path = PlayerModule;
			sourceTree = "<group>";
		};
		33127B4F2534C45500B84FAE /* View */ = {
			isa = PBXGroup;
			children = (
				338614B325386B9200A24D4F /* PlayerView.swift */,
				33127B5F2534C4DB00B84FAE /* VideoPlayerViewController.swift */,
			);
			path = View;
			sourceTree = "<group>";
		};
		33127B502534C45A00B84FAE /* Presenter */ = {
			isa = PBXGroup;
			children = (
				33127B622534C4EF00B84FAE /* VideoPlayerPresenter.swift */,
			);
			path = Presenter;
			sourceTree = "<group>";
		};
		33127B512534C47300B84FAE /* Protocols */ = {
			isa = PBXGroup;
			children = (
				33127B562534C4A700B84FAE /* DetailsViewProtocol.swift */,
				33127B592534C4B700B84FAE /* DetailsViewPresenterProtocol.swift */,
			);
			path = Protocols;
			sourceTree = "<group>";
		};
		33127B522534C48000B84FAE /* Protocols */ = {
			isa = PBXGroup;
			children = (
				33127B652534C51000B84FAE /* VideoPlayerViewProtocol.swift */,
				33127B692534C53400B84FAE /* VideoPlayerPresenterProtocol.swift */,
				338614BB2539882000A24D4F /* VideoPlayerControlsProtocol.swift */,
			);
			path = Protocols;
			sourceTree = "<group>";
		};
		3312EDE324FE84FE00158EB6 /* Localization */ = {
			isa = PBXGroup;
			children = (
				3312EDE824FE859F00158EB6 /* Localizable.strings */,
			);
			path = Localization;
			sourceTree = "<group>";
		};
		332227BC2518967C00EF56B8 /* FavouritesModule */ = {
			isa = PBXGroup;
			children = (
				33127B1B25330C1700B84FAE /* Protocols */,
				332227BF251896AB00EF56B8 /* Presenter */,
				332227BE251896A600EF56B8 /* View */,
			);
			path = FavouritesModule;
			sourceTree = "<group>";
		};
		332227BD2518968F00EF56B8 /* SettingsModule */ = {
			isa = PBXGroup;
			children = (
				33127B1C25330C2400B84FAE /* Protocols */,
				332227C1251896B600EF56B8 /* Presenter */,
				332227C0251896B200EF56B8 /* View */,
			);
			path = SettingsModule;
			sourceTree = "<group>";
		};
		332227BE251896A600EF56B8 /* View */ = {
			isa = PBXGroup;
			children = (
				332227C2251896CF00EF56B8 /* FavouritesViewController.swift */,
			);
			path = View;
			sourceTree = "<group>";
		};
		332227BF251896AB00EF56B8 /* Presenter */ = {
			isa = PBXGroup;
			children = (
				332227C42518970900EF56B8 /* FavouritesPresenter.swift */,
			);
			path = Presenter;
			sourceTree = "<group>";
		};
		332227C0251896B200EF56B8 /* View */ = {
			isa = PBXGroup;
			children = (
				332227CA251899BC00EF56B8 /* SettingsViewController.swift */,
			);
			path = View;
			sourceTree = "<group>";
		};
		332227C1251896B600EF56B8 /* Presenter */ = {
			isa = PBXGroup;
			children = (
				332227CC25189A1A00EF56B8 /* SettingsPresenter.swift */,
			);
			path = Presenter;
			sourceTree = "<group>";
		};
		332BA35D25060636008A8F29 /* Presenter */ = {
			isa = PBXGroup;
			children = (
				33B660D02502E8A700CA562E /* VerificationViewPresenter.swift */,
			);
			path = Presenter;
			sourceTree = "<group>";
		};
		332BA35E25060722008A8F29 /* Errors */ = {
			isa = PBXGroup;
			children = (
				3334A4CF2523343C00AD18C7 /* AccessErrors */,
				33A3BA29251CE129004EA0D9 /* GeneralErrors */,
				332BA35F25060729008A8F29 /* AuthErrors */,
			);
			path = Errors;
			sourceTree = "<group>";
		};
		332BA35F25060729008A8F29 /* AuthErrors */ = {
			isa = PBXGroup;
			children = (
				332BA36025060746008A8F29 /* AuthorizationErrors.swift */,
			);
			path = AuthErrors;
			sourceTree = "<group>";
		};
		332BA36225064418008A8F29 /* VerificationModule */ = {
			isa = PBXGroup;
			children = (
				33127B1925330BDD00B84FAE /* Protocols */,
				332BA35D25060636008A8F29 /* Presenter */,
				332BA3632506445C008A8F29 /* View */,
			);
			path = VerificationModule;
			sourceTree = "<group>";
		};
		332BA3632506445C008A8F29 /* View */ = {
			isa = PBXGroup;
			children = (
				33B660BA250166C200CA562E /* VerificationViewController.swift */,
			);
			path = View;
			sourceTree = "<group>";
		};
		332BA36725069D11008A8F29 /* Constants */ = {
			isa = PBXGroup;
			children = (
				332BA36825069D38008A8F29 /* Constants.swift */,
				33B2AEA52508EF670006BE31 /* NumberFormats.swift */,
			);
			path = Constants;
			sourceTree = "<group>";
		};
		332BA36E25077D80008A8F29 /* PropertyWrappers */ = {
			isa = PBXGroup;
			children = (
				332BA36F25077D9E008A8F29 /* UserDefault.swift */,
				3373D94D250F63CA0095F78C /* AppData.swift */,
			);
			path = PropertyWrappers;
			sourceTree = "<group>";
		};
		3334A4CF2523343C00AD18C7 /* AccessErrors */ = {
			isa = PBXGroup;
			children = (
				3334A4D02523344F00AD18C7 /* AccessErrors.swift */,
			);
			path = AccessErrors;
			sourceTree = "<group>";
		};
		3334A6192527818A00AD18C7 /* CartoonsTests */ = {
			isa = PBXGroup;
			children = (
				3334A61A2527818A00AD18C7 /* CartoonsTests.swift */,
				3334A61C2527818A00AD18C7 /* Info.plist */,
				3334A6272527861100AD18C7 /* AuthorizationPresenterTests.swift */,
			);
			path = CartoonsTests;
			sourceTree = "<group>";
		};
		334A5131252B441D003BCF59 /* Coordinators */ = {
			isa = PBXGroup;
			children = (
				334A51C7252CAA3C003BCF59 /* Protocol */,
				334A5132252B4433003BCF59 /* RootCoordinator.swift */,
				334A51EE252DC007003BCF59 /* AuthorizationCoordinator.swift */,
				330F4E01252EF74D008D0FC8 /* MainScreenCoordinator.swift */,
				330F4E15252F0E84008D0FC8 /* OnboardingCoordinator.swift */,
			);
			path = Coordinators;
			sourceTree = "<group>";
		};
		334A51C7252CAA3C003BCF59 /* Protocol */ = {
			isa = PBXGroup;
			children = (
				334A51C8252CAA53003BCF59 /* CoordinatorProtocol.swift */,
			);
			path = Protocol;
			sourceTree = "<group>";
		};
		334A51DD252CDB1D003BCF59 /* BasePresenter */ = {
			isa = PBXGroup;
			children = (
				334A51DE252CDB34003BCF59 /* PresenterProtocol.swift */,
			);
			path = BasePresenter;
			sourceTree = "<group>";
		};
		3355FA792540180E00C0B192 /* BorderedLabel */ = {
			isa = PBXGroup;
			children = (
				3355FA7A2540182200C0B192 /* BorderedLabel.swift */,
			);
			path = BorderedLabel;
			sourceTree = "<group>";
		};
		3355FA862540342300C0B192 /* BaseViewController */ = {
			isa = PBXGroup;
			children = (
				3355FA872540343D00C0B192 /* BaseViewController.swift */,
				3355FA8A2540346100C0B192 /* BaseViewProtocol.swift */,
			);
			path = BaseViewController;
			sourceTree = "<group>";
		};
		3373D943250F55E90095F78C /* OnboardingModule */ = {
			isa = PBXGroup;
			children = (
				33127B1E25330C5200B84FAE /* Protocols */,
				3373D94F250F94CC0095F78C /* Presenter */,
				3373D950250F94D60095F78C /* View */,
			);
			path = OnboardingModule;
			sourceTree = "<group>";
		};
		3373D94F250F94CC0095F78C /* Presenter */ = {
			isa = PBXGroup;
			children = (
				3373D951250F95100095F78C /* PageControllerPresenter.swift */,
			);
			path = Presenter;
			sourceTree = "<group>";
		};
		3373D950250F94D60095F78C /* View */ = {
			isa = PBXGroup;
			children = (
				3373D944250F588A0095F78C /* PageViewController.swift */,
				3373D947250F60B00095F78C /* StreamingFeatureViewController.swift */,
				3373D949250F61020095F78C /* OfflineWatchingFeatureViewController.swift */,
			);
			path = View;
			sourceTree = "<group>";
		};
		339ECE31251A14BF00168C5B /* BaseNavigationController */ = {
			isa = PBXGroup;
			children = (
				339ECE32251A14DC00168C5B /* BaseNavigationController.swift */,
			);
			path = BaseNavigationController;
			sourceTree = "<group>";
		};
		33A3BA29251CE129004EA0D9 /* GeneralErrors */ = {
			isa = PBXGroup;
			children = (
				33A3BA2A251CE142004EA0D9 /* General.swift */,
			);
			path = GeneralErrors;
			sourceTree = "<group>";
		};
		33B1F08124FFA83800DB6BA8 /* Resources */ = {
			isa = PBXGroup;
			children = (
				33EE7EAA25135A9600EA2BF4 /* Fonts */,
				20EEE9CB25014A3000970DA6 /* Generated */,
				3312EDE324FE84FE00158EB6 /* Localization */,
				33B1F09525000B7900DB6BA8 /* Colors.xcassets */,
				33EE7EB52513765500EA2BF4 /* Assets.xcassets */,
				33FF60C824FA45F80077D109 /* Info.plist */,
			);
			path = Resources;
			sourceTree = "<group>";
		};
		33B1F08424FFEEB000DB6BA8 /* PresentationLayer */ = {
			isa = PBXGroup;
			children = (
				33B873D1253F458E008B45B2 /* BaseClasses */,
				3373D943250F55E90095F78C /* OnboardingModule */,
				33B6608325010F8600CA562E /* AuthorizationModule */,
				332BA36225064418008A8F29 /* VerificationModule */,
				33B2AEAA250A61260006BE31 /* CartoonsModule */,
				332227BC2518967C00EF56B8 /* FavouritesModule */,
				332227BD2518968F00EF56B8 /* SettingsModule */,
				33127B4B2534C42B00B84FAE /* DetailsModule */,
				33127B4E2534C44800B84FAE /* PlayerModule */,
			);
			path = PresentationLayer;
			sourceTree = "<group>";
		};
		33B1F08724FFEEF500DB6BA8 /* Components */ = {
			isa = PBXGroup;
			children = (
				33B2AE962508AC590006BE31 /* Custom */,
				33B1F08924FFEF0B00DB6BA8 /* Extensions */,
				33B1F08824FFEF0300DB6BA8 /* Utilities */,
				332BA35E25060722008A8F29 /* Errors */,
			);
			path = Components;
			sourceTree = "<group>";
		};
		33B1F08824FFEF0300DB6BA8 /* Utilities */ = {
			isa = PBXGroup;
			children = (
				332BA36E25077D80008A8F29 /* PropertyWrappers */,
				332BA36725069D11008A8F29 /* Constants */,
				33B2AEA7250A18670006BE31 /* Helpers */,
			);
			path = Utilities;
			sourceTree = "<group>";
		};
		33B1F08924FFEF0B00DB6BA8 /* Extensions */ = {
			isa = PBXGroup;
			children = (
				33B660B92501604000CA562E /* Foundation */,
				33B660B82501602C00CA562E /* UIKit */,
			);
			path = Extensions;
			sourceTree = "<group>";
		};
		33B1F0A025002B9100DB6BA8 /* View */ = {
			isa = PBXGroup;
			children = (
				33B1F08A24FFEFCF00DB6BA8 /* AuthorizationViewController.swift */,
			);
			path = View;
			sourceTree = "<group>";
		};
		33B2AE962508AC590006BE31 /* Custom */ = {
			isa = PBXGroup;
			children = (
				3355FA792540180E00C0B192 /* BorderedLabel */,
				33127B4A2534C41C00B84FAE /* VideoPlayerControls */,
				33EAD3B12522094200128EEB /* ImagePicker */,
				33EE7EB02513609D00EA2BF4 /* AppLabel */,
				33EE7EAD25135D0A00EA2BF4 /* TextField */,
				33EE7EA325134D7900EA2BF4 /* Button */,
				33B2AE972508AC610006BE31 /* Alert */,
			);
			path = Custom;
			sourceTree = "<group>";
		};
		33B2AE972508AC610006BE31 /* Alert */ = {
			isa = PBXGroup;
			children = (
				33A3BA2C251E140F004EA0D9 /* AlertService.swift */,
				33B2AE9D2508AD860006BE31 /* CustomAlertView.swift */,
				33B2AE9F2508AE170006BE31 /* AlertView.xib */,
				33B2AEA12508B9BA0006BE31 /* AlertType.swift */,
			);
			path = Alert;
			sourceTree = "<group>";
		};
		33B2AEA7250A18670006BE31 /* Helpers */ = {
			isa = PBXGroup;
			children = (
				33B2AEA8250A18860006BE31 /* PhoneNumberValidationHelper.swift */,
			);
			path = Helpers;
			sourceTree = "<group>";
		};
		33B2AEAA250A61260006BE31 /* CartoonsModule */ = {
			isa = PBXGroup;
			children = (
				33127B1A25330C0300B84FAE /* Protocols */,
				33B2AEAC250A613C0006BE31 /* Presenter */,
				33B2AEAB250A61370006BE31 /* View */,
			);
			path = CartoonsModule;
			sourceTree = "<group>";
		};
		33B2AEAB250A61370006BE31 /* View */ = {
			isa = PBXGroup;
			children = (
				33104A6D2535846100A90ED7 /* CartoonCollectionViewCell.swift */,
				33104A742535CF9800A90ED7 /* CartoonsViewController.swift */,
			);
			path = View;
			sourceTree = "<group>";
		};
		33B2AEAC250A613C0006BE31 /* Presenter */ = {
			isa = PBXGroup;
			children = (
				33B2AEB1250A63790006BE31 /* CartoonsPresenter.swift */,
			);
			path = Presenter;
			sourceTree = "<group>";
		};
		33B2AEB7250A6FD90006BE31 /* BaseTabBarController */ = {
			isa = PBXGroup;
			children = (
				33B2AEBA250A702D0006BE31 /* TabBarViewController.swift */,
			);
			path = BaseTabBarController;
			sourceTree = "<group>";
		};
		33B6608325010F8600CA562E /* AuthorizationModule */ = {
			isa = PBXGroup;
			children = (
				33127B1725330B4700B84FAE /* Protocols */,
				33B660C525026DA000CA562E /* Presenter */,
				33B1F0A025002B9100DB6BA8 /* View */,
			);
			path = AuthorizationModule;
			sourceTree = "<group>";
		};
		33B660B82501602C00CA562E /* UIKit */ = {
			isa = PBXGroup;
			children = (
				33B660CB2502D6E600CA562E /* UIViewController+Extension.swift */,
				33A3BA32251E2E86004EA0D9 /* Optional + Extension.swift */,
				338614B025385F9D00A24D4F /* AVPlayer + Extension.swift */,
				33B873CE253F3C68008B45B2 /* UIImage + Extension.swift */,
			);
			path = UIKit;
			sourceTree = "<group>";
		};
		33B660B92501604000CA562E /* Foundation */ = {
			isa = PBXGroup;
			children = (
				33B660C0250246CF00CA562E /* String+Extension.swift */,
				338614CB253A275800A24D4F /* Double + Extension.swift */,
			);
			path = Foundation;
			sourceTree = "<group>";
		};
		33B660C525026DA000CA562E /* Presenter */ = {
			isa = PBXGroup;
			children = (
				33B660C625026DBB00CA562E /* AuthorizationPresenter.swift */,
			);
			path = Presenter;
			sourceTree = "<group>";
		};
		33B660CD2502DBC000CA562E /* Assembly */ = {
			isa = PBXGroup;
			children = (
				334A51E1252DB9C3003BCF59 /* Assembly.swift */,
				334A51EA252DBAA2003BCF59 /* RootAssembly.swift */,
				334A51F5252DC742003BCF59 /* AuthorizationAssembly.swift */,
				330F4DF9252EEFDC008D0FC8 /* MainScreenAssembly.swift */,
				330F4DFE252EF697008D0FC8 /* CartoonsAssembly.swift */,
				330F4E08252F0110008D0FC8 /* FavouritesAssembly.swift */,
				330F4E0C252F073D008D0FC8 /* SettingsAssembly.swift */,
				330F4E0F252F0D9B008D0FC8 /* OnboardingAssembly.swift */,
				338614BE2539C01B00A24D4F /* PlayerAssembly.swift */,
			);
			path = Assembly;
			sourceTree = "<group>";
		};
		33B873D1253F458E008B45B2 /* BaseClasses */ = {
			isa = PBXGroup;
			children = (
				3355FA862540342300C0B192 /* BaseViewController */,
				339ECE31251A14BF00168C5B /* BaseNavigationController */,
				33B2AEB7250A6FD90006BE31 /* BaseTabBarController */,
				334A51DD252CDB1D003BCF59 /* BasePresenter */,
			);
			path = BaseClasses;
			sourceTree = "<group>";
		};
		33D1C3CB2512778A002A9843 /* ServiceLayer */ = {
			isa = PBXGroup;
			children = (
				330F4E3225304743008D0FC8 /* Protocols */,
				330F4E622530ED1A008D0FC8 /* Managers */,
				330F4E4925309B9C008D0FC8 /* AuthorizationService.swift */,
				330F4E4C25309DEB008D0FC8 /* StorageDataService.swift */,
				330F4E782530F7BD008D0FC8 /* UserDataService.swift */,
			);
			path = ServiceLayer;
			sourceTree = "<group>";
		};
		33EAD3B12522094200128EEB /* ImagePicker */ = {
			isa = PBXGroup;
			children = (
				33EAD3AE2522093000128EEB /* ImagePicker.swift */,
			);
			path = ImagePicker;
			sourceTree = "<group>";
		};
		33EE7EA325134D7900EA2BF4 /* Button */ = {
			isa = PBXGroup;
			children = (
				33EE7EA82513569100EA2BF4 /* CustomButton.swift */,
			);
			path = Button;
			sourceTree = "<group>";
		};
		33EE7EAA25135A9600EA2BF4 /* Fonts */ = {
			isa = PBXGroup;
			children = (
				3355FA722540098B00C0B192 /* CinzelDecorative-Black.ttf */,
				3355FA702540098B00C0B192 /* CinzelDecorative-Bold.ttf */,
				3355FA712540098B00C0B192 /* CinzelDecorative-Regular.ttf */,
				33EE7EAB25135ABA00EA2BF4 /* Alice-Regular.ttf */,
			);
			path = Fonts;
			sourceTree = "<group>";
		};
		33EE7EAD25135D0A00EA2BF4 /* TextField */ = {
			isa = PBXGroup;
			children = (
				33EE7EAE25135D3100EA2BF4 /* CustomTextField.swift */,
			);
			path = TextField;
			sourceTree = "<group>";
		};
		33EE7EB02513609D00EA2BF4 /* AppLabel */ = {
			isa = PBXGroup;
			children = (
				33EE7EB1251360B000EA2BF4 /* CustomLabelView.swift */,
				33EE7EB3251361D000EA2BF4 /* LabelView.xib */,
			);
			path = AppLabel;
			sourceTree = "<group>";
		};
		33FF60AE24FA45F40077D109 = {
			isa = PBXGroup;
			children = (
				33FF60B924FA45F40077D109 /* Cartoons */,
				3334A6192527818A00AD18C7 /* CartoonsTests */,
				33FF60B824FA45F40077D109 /* Products */,
				822073C0C04CF35AFEA6B949 /* Pods */,
				3A8E423CE21E06B50B806B0F /* Frameworks */,
			);
			sourceTree = "<group>";
		};
		33FF60B824FA45F40077D109 /* Products */ = {
			isa = PBXGroup;
			children = (
				33FF60B724FA45F40077D109 /* Cartoons.app */,
				3334A6182527818A00AD18C7 /* CartoonsTests.xctest */,
			);
			name = Products;
			sourceTree = "<group>";
		};
		33FF60B924FA45F40077D109 /* Cartoons */ = {
			isa = PBXGroup;
			children = (
				33127B452534C30100B84FAE /* Model */,
				334A5131252B441D003BCF59 /* Coordinators */,
				33B660CD2502DBC000CA562E /* Assembly */,
				33B1F08424FFEEB000DB6BA8 /* PresentationLayer */,
				33B1F08724FFEEF500DB6BA8 /* Components */,
				33D1C3CB2512778A002A9843 /* ServiceLayer */,
				33FF60BA24FA45F40077D109 /* AppDelegate.swift */,
				33B1F08124FFA83800DB6BA8 /* Resources */,
				33FF60C524FA45F80077D109 /* LaunchScreen.storyboard */,
			);
			path = Cartoons;
			sourceTree = "<group>";
		};
		3A8E423CE21E06B50B806B0F /* Frameworks */ = {
			isa = PBXGroup;
			children = (
				481551CF71DC885446983E5B /* Pods_Cartoons.framework */,
				18E014F8F10D0F6DA632CCE7 /* Pods_CartoonsTests.framework */,
			);
			name = Frameworks;
			sourceTree = "<group>";
		};
		822073C0C04CF35AFEA6B949 /* Pods */ = {
			isa = PBXGroup;
			children = (
				7B69CCD3D5D1FAC505B09856 /* Pods-Cartoons.debug.xcconfig */,
				6CBC91D95B99F79D86B0ED70 /* Pods-Cartoons.release.xcconfig */,
				F1B3FFE22D6CCF9FF9325C4E /* Pods-CartoonsTests.debug.xcconfig */,
				33710661943FC0E3F567D415 /* Pods-CartoonsTests.release.xcconfig */,
			);
			path = Pods;
			sourceTree = "<group>";
		};
/* End PBXGroup section */

/* Begin PBXNativeTarget section */
		3334A6172527818900AD18C7 /* CartoonsTests */ = {
			isa = PBXNativeTarget;
			buildConfigurationList = 3334A6212527818A00AD18C7 /* Build configuration list for PBXNativeTarget "CartoonsTests" */;
			buildPhases = (
				B21BAFDA62ADBA9610761AB2 /* [CP] Check Pods Manifest.lock */,
				3334A6142527818900AD18C7 /* Sources */,
				3334A6152527818900AD18C7 /* Frameworks */,
				3334A6162527818900AD18C7 /* Resources */,
				0E3143D189C1B7D2E679CB26 /* [CP] Embed Pods Frameworks */,
			);
			buildRules = (
			);
			dependencies = (
				3334A61E2527818A00AD18C7 /* PBXTargetDependency */,
			);
			name = CartoonsTests;
			productName = CartoonsTests;
			productReference = 3334A6182527818A00AD18C7 /* CartoonsTests.xctest */;
			productType = "com.apple.product-type.bundle.unit-test";
		};
		33FF60B624FA45F40077D109 /* Cartoons */ = {
			isa = PBXNativeTarget;
			buildConfigurationList = 33FF60CB24FA45F80077D109 /* Build configuration list for PBXNativeTarget "Cartoons" */;
			buildPhases = (
				EE1A48727CE3716BA3F4A172 /* [CP] Check Pods Manifest.lock */,
				33FF60CE24FA48080077D109 /* SwiftLint */,
				33B6608B25013DAD00CA562E /* Swift Format */,
				33B66084250131D400CA562E /* RSwift */,
				33FF60B324FA45F40077D109 /* Sources */,
				33FF60B424FA45F40077D109 /* Frameworks */,
				33FF60B524FA45F40077D109 /* Resources */,
				5907D36B556650DA39F3161C /* [CP] Embed Pods Frameworks */,
				3334A5742526304000AD18C7 /* Embed Frameworks */,
			);
			buildRules = (
			);
			dependencies = (
			);
			name = Cartoons;
			packageProductDependencies = (
				3334A576252630DF00AD18C7 /* Kingfisher */,
			);
			productName = Cartoons;
			productReference = 33FF60B724FA45F40077D109 /* Cartoons.app */;
			productType = "com.apple.product-type.application";
		};
/* End PBXNativeTarget section */

/* Begin PBXProject section */
		33FF60AF24FA45F40077D109 /* Project object */ = {
			isa = PBXProject;
			attributes = {
				LastSwiftUpdateCheck = 1200;
				LastUpgradeCheck = 1200;
				ORGANIZATIONNAME = AlenaNesterkina;
				TargetAttributes = {
					3334A6172527818900AD18C7 = {
						CreatedOnToolsVersion = 12.0.1;
						TestTargetID = 33FF60B624FA45F40077D109;
					};
					33FF60B624FA45F40077D109 = {
						CreatedOnToolsVersion = 11.6;
					};
				};
			};
			buildConfigurationList = 33FF60B224FA45F40077D109 /* Build configuration list for PBXProject "Cartoons" */;
			compatibilityVersion = "Xcode 9.3";
			developmentRegion = en;
			hasScannedForEncodings = 0;
			knownRegions = (
				en,
				Base,
			);
			mainGroup = 33FF60AE24FA45F40077D109;
			packageReferences = (
				3334A575252630DF00AD18C7 /* XCRemoteSwiftPackageReference "Kingfisher" */,
			);
			productRefGroup = 33FF60B824FA45F40077D109 /* Products */;
			projectDirPath = "";
			projectRoot = "";
			targets = (
				33FF60B624FA45F40077D109 /* Cartoons */,
				3334A6172527818900AD18C7 /* CartoonsTests */,
			);
		};
/* End PBXProject section */

/* Begin PBXResourcesBuildPhase section */
		3334A6162527818900AD18C7 /* Resources */ = {
			isa = PBXResourcesBuildPhase;
			buildActionMask = 2147483647;
			files = (
			);
			runOnlyForDeploymentPostprocessing = 0;
		};
		33FF60B524FA45F40077D109 /* Resources */ = {
			isa = PBXResourcesBuildPhase;
			buildActionMask = 2147483647;
			files = (
				33A1755825376B390062EC8C /* PlayerControlsView.xib in Resources */,
				33B1F09625000B7900DB6BA8 /* Colors.xcassets in Resources */,
				33EE7EB4251361D000EA2BF4 /* LabelView.xib in Resources */,
				33FF60C724FA45F80077D109 /* LaunchScreen.storyboard in Resources */,
				3312EDE624FE859F00158EB6 /* Localizable.strings in Resources */,
				33B2AEA02508AE170006BE31 /* AlertView.xib in Resources */,
				3355FA75254009B400C0B192 /* CinzelDecorative-Bold.ttf in Resources */,
				20EEE9CD25014B4500970DA6 /* GoogleService-Info.plist in Resources */,
				3355FA73254009B100C0B192 /* CinzelDecorative-Black.ttf in Resources */,
				33EE7EB62513765500EA2BF4 /* Assets.xcassets in Resources */,
				3355FA76254009B600C0B192 /* CinzelDecorative-Regular.ttf in Resources */,
				33EE7EAC25135ADB00EA2BF4 /* Alice-Regular.ttf in Resources */,
			);
			runOnlyForDeploymentPostprocessing = 0;
		};
/* End PBXResourcesBuildPhase section */

/* Begin PBXShellScriptBuildPhase section */
		0E3143D189C1B7D2E679CB26 /* [CP] Embed Pods Frameworks */ = {
			isa = PBXShellScriptBuildPhase;
			buildActionMask = 2147483647;
			files = (
			);
			inputFileListPaths = (
				"${PODS_ROOT}/Target Support Files/Pods-CartoonsTests/Pods-CartoonsTests-frameworks-${CONFIGURATION}-input-files.xcfilelist",
			);
			name = "[CP] Embed Pods Frameworks";
			outputFileListPaths = (
				"${PODS_ROOT}/Target Support Files/Pods-CartoonsTests/Pods-CartoonsTests-frameworks-${CONFIGURATION}-output-files.xcfilelist",
			);
			runOnlyForDeploymentPostprocessing = 0;
			shellPath = /bin/sh;
			shellScript = "\"${PODS_ROOT}/Target Support Files/Pods-CartoonsTests/Pods-CartoonsTests-frameworks.sh\"\n";
			showEnvVarsInLog = 0;
		};
		33B66084250131D400CA562E /* RSwift */ = {
			isa = PBXShellScriptBuildPhase;
			buildActionMask = 2147483647;
			files = (
			);
			inputFileListPaths = (
			);
			inputPaths = (
				"$TEMP_DIR/rswift-lastrun",
			);
			name = RSwift;
			outputFileListPaths = (
			);
			outputPaths = (
				$SRCROOT/Cartoons/Resources/Generated/R.generated.swift,
			);
			runOnlyForDeploymentPostprocessing = 0;
			shellPath = /bin/sh;
			shellScript = "\"$PODS_ROOT/R.swift/rswift\" generate \"$SRCROOT/Cartoons/Resources/Generated/R.generated.swift\"\n";
		};
		33B6608B25013DAD00CA562E /* Swift Format */ = {
			isa = PBXShellScriptBuildPhase;
			buildActionMask = 2147483647;
			files = (
			);
			inputFileListPaths = (
			);
			inputPaths = (
			);
			name = "Swift Format";
			outputFileListPaths = (
			);
			outputPaths = (
			);
			runOnlyForDeploymentPostprocessing = 0;
			shellPath = /bin/sh;
			shellScript = "if [ \"${CONFIGURATION}\" = \"Debug\" ]; then\n    if which swiftformat >/dev/null; then\n        swiftformat .\n    else\n        echo \"install swiftformat please!\"\n    fi\nfi\n";
		};
		33FF60CE24FA48080077D109 /* SwiftLint */ = {
			isa = PBXShellScriptBuildPhase;
			buildActionMask = 2147483647;
			files = (
			);
			inputFileListPaths = (
			);
			inputPaths = (
			);
			name = SwiftLint;
			outputFileListPaths = (
			);
			outputPaths = (
			);
			runOnlyForDeploymentPostprocessing = 0;
			shellPath = /bin/sh;
			shellScript = "\"${PODS_ROOT}/SwiftLint/swiftlint\"\n";
		};
		5907D36B556650DA39F3161C /* [CP] Embed Pods Frameworks */ = {
			isa = PBXShellScriptBuildPhase;
			buildActionMask = 2147483647;
			files = (
			);
			inputFileListPaths = (
				"${PODS_ROOT}/Target Support Files/Pods-Cartoons/Pods-Cartoons-frameworks-${CONFIGURATION}-input-files.xcfilelist",
			);
			name = "[CP] Embed Pods Frameworks";
			outputFileListPaths = (
				"${PODS_ROOT}/Target Support Files/Pods-Cartoons/Pods-Cartoons-frameworks-${CONFIGURATION}-output-files.xcfilelist",
			);
			runOnlyForDeploymentPostprocessing = 0;
			shellPath = /bin/sh;
			shellScript = "\"${PODS_ROOT}/Target Support Files/Pods-Cartoons/Pods-Cartoons-frameworks.sh\"\n";
			showEnvVarsInLog = 0;
		};
		B21BAFDA62ADBA9610761AB2 /* [CP] Check Pods Manifest.lock */ = {
			isa = PBXShellScriptBuildPhase;
			buildActionMask = 2147483647;
			files = (
			);
			inputFileListPaths = (
			);
			inputPaths = (
				"${PODS_PODFILE_DIR_PATH}/Podfile.lock",
				"${PODS_ROOT}/Manifest.lock",
			);
			name = "[CP] Check Pods Manifest.lock";
			outputFileListPaths = (
			);
			outputPaths = (
				"$(DERIVED_FILE_DIR)/Pods-CartoonsTests-checkManifestLockResult.txt",
			);
			runOnlyForDeploymentPostprocessing = 0;
			shellPath = /bin/sh;
			shellScript = "diff \"${PODS_PODFILE_DIR_PATH}/Podfile.lock\" \"${PODS_ROOT}/Manifest.lock\" > /dev/null\nif [ $? != 0 ] ; then\n    # print error to STDERR\n    echo \"error: The sandbox is not in sync with the Podfile.lock. Run 'pod install' or update your CocoaPods installation.\" >&2\n    exit 1\nfi\n# This output is used by Xcode 'outputs' to avoid re-running this script phase.\necho \"SUCCESS\" > \"${SCRIPT_OUTPUT_FILE_0}\"\n";
			showEnvVarsInLog = 0;
		};
		EE1A48727CE3716BA3F4A172 /* [CP] Check Pods Manifest.lock */ = {
			isa = PBXShellScriptBuildPhase;
			buildActionMask = 2147483647;
			files = (
			);
			inputFileListPaths = (
			);
			inputPaths = (
				"${PODS_PODFILE_DIR_PATH}/Podfile.lock",
				"${PODS_ROOT}/Manifest.lock",
			);
			name = "[CP] Check Pods Manifest.lock";
			outputFileListPaths = (
			);
			outputPaths = (
				"$(DERIVED_FILE_DIR)/Pods-Cartoons-checkManifestLockResult.txt",
			);
			runOnlyForDeploymentPostprocessing = 0;
			shellPath = /bin/sh;
			shellScript = "diff \"${PODS_PODFILE_DIR_PATH}/Podfile.lock\" \"${PODS_ROOT}/Manifest.lock\" > /dev/null\nif [ $? != 0 ] ; then\n    # print error to STDERR\n    echo \"error: The sandbox is not in sync with the Podfile.lock. Run 'pod install' or update your CocoaPods installation.\" >&2\n    exit 1\nfi\n# This output is used by Xcode 'outputs' to avoid re-running this script phase.\necho \"SUCCESS\" > \"${SCRIPT_OUTPUT_FILE_0}\"\n";
			showEnvVarsInLog = 0;
		};
/* End PBXShellScriptBuildPhase section */

/* Begin PBXSourcesBuildPhase section */
		3334A6142527818900AD18C7 /* Sources */ = {
			isa = PBXSourcesBuildPhase;
			buildActionMask = 2147483647;
			files = (
				3334A6282527861100AD18C7 /* AuthorizationPresenterTests.swift in Sources */,
				3334A61B2527818A00AD18C7 /* CartoonsTests.swift in Sources */,
			);
			runOnlyForDeploymentPostprocessing = 0;
		};
		33FF60B324FA45F40077D109 /* Sources */ = {
			isa = PBXSourcesBuildPhase;
			buildActionMask = 2147483647;
			files = (
				33127B7D25357B0200B84FAE /* Section.swift in Sources */,
				338614BF2539C01B00A24D4F /* PlayerAssembly.swift in Sources */,
				332227C3251896CF00EF56B8 /* FavouritesViewController.swift in Sources */,
				330F4E752530F65C008D0FC8 /* UserDataManager.swift in Sources */,
				3373D956250F95460095F78C /* PagePresenterProtocol.swift in Sources */,
				330F4E4D25309DEB008D0FC8 /* StorageDataService.swift in Sources */,
				33B660C725026DBB00CA562E /* AuthorizationPresenter.swift in Sources */,
				33B2AE9E2508AD860006BE31 /* CustomAlertView.swift in Sources */,
				33A3BA33251E2E86004EA0D9 /* Optional + Extension.swift in Sources */,
				33EE7EA92513569100EA2BF4 /* CustomButton.swift in Sources */,
				332BA36125060746008A8F29 /* AuthorizationErrors.swift in Sources */,
				338614B425386B9200A24D4F /* PlayerView.swift in Sources */,
				33127B602534C4DB00B84FAE /* VideoPlayerViewController.swift in Sources */,
				3373D94A250F61020095F78C /* OfflineWatchingFeatureViewController.swift in Sources */,
				33EE7EAF25135D3100EA2BF4 /* CustomTextField.swift in Sources */,
				332227CF25189D0A00EF56B8 /* SettingsViewPresenterProtocol.swift in Sources */,
				33127B662534C51000B84FAE /* VideoPlayerViewProtocol.swift in Sources */,
				3355FA7B2540182200C0B192 /* BorderedLabel.swift in Sources */,
				334A51E2252DB9C3003BCF59 /* Assembly.swift in Sources */,
				33127B5D2534C4C400B84FAE /* DetailsViewPresenter.swift in Sources */,
				334A51F6252DC742003BCF59 /* AuthorizationAssembly.swift in Sources */,
				33B1F08B24FFEFCF00DB6BA8 /* AuthorizationViewController.swift in Sources */,
				338614CC253A275800A24D4F /* Double + Extension.swift in Sources */,
				330F4E16252F0E84008D0FC8 /* OnboardingCoordinator.swift in Sources */,
				33B660C1250246CF00CA562E /* String+Extension.swift in Sources */,
				330F4E702530F5D6008D0FC8 /* UserDataServiceProtocol.swift in Sources */,
				3373D952250F95100095F78C /* PageControllerPresenter.swift in Sources */,
				339ECE33251A14DC00168C5B /* BaseNavigationController.swift in Sources */,
				332BA37025077D9E008A8F29 /* UserDefault.swift in Sources */,
				20EEE9CA250148DC00970DA6 /* R.generated.swift in Sources */,
				330F4E792530F7BD008D0FC8 /* UserDataService.swift in Sources */,
				330F4E09252F0110008D0FC8 /* FavouritesAssembly.swift in Sources */,
				3355FA8B2540346100C0B192 /* BaseViewProtocol.swift in Sources */,
				332BA36D2507609C008A8F29 /* VerificationViewProtocol.swift in Sources */,
				332BA35B25060543008A8F29 /* AuthorizationViewProtocol.swift in Sources */,
				330F4E3825304D72008D0FC8 /* StorageDataServiceProtocol.swift in Sources */,
				33B2AEB4250A63910006BE31 /* CartoonsViewPresenterProtocol.swift in Sources */,
				330F4E02252EF74D008D0FC8 /* MainScreenCoordinator.swift in Sources */,
				334A51EB252DBAA2003BCF59 /* RootAssembly.swift in Sources */,
				330F4E10252F0D9B008D0FC8 /* OnboardingAssembly.swift in Sources */,
				332227CD25189A1A00EF56B8 /* SettingsPresenter.swift in Sources */,
				330F4E3425304759008D0FC8 /* AuthorizationServiceProtocol.swift in Sources */,
				33127B6A2534C53400B84FAE /* VideoPlayerPresenterProtocol.swift in Sources */,
				33FF60BB24FA45F40077D109 /* AppDelegate.swift in Sources */,
				330F4E0D252F073D008D0FC8 /* SettingsAssembly.swift in Sources */,
				338614B125385F9D00A24D4F /* AVPlayer + Extension.swift in Sources */,
				3373D945250F588A0095F78C /* PageViewController.swift in Sources */,
				33B2AEBB250A702D0006BE31 /* TabBarViewController.swift in Sources */,
				33104A6E2535846100A90ED7 /* CartoonCollectionViewCell.swift in Sources */,
				33B2AEA22508B9BA0006BE31 /* AlertType.swift in Sources */,
				3355FA882540343D00C0B192 /* BaseViewController.swift in Sources */,
				33127B572534C4A700B84FAE /* DetailsViewProtocol.swift in Sources */,
				33B2AEA62508EF670006BE31 /* NumberFormats.swift in Sources */,
				338614BC2539882100A24D4F /* VideoPlayerControlsProtocol.swift in Sources */,
				332227C72518972300EF56B8 /* FavouritesViewPresenterProtocol.swift in Sources */,
				33B660D12502E8A700CA562E /* VerificationViewPresenter.swift in Sources */,
				33A1753C253769D80062EC8C /* CustomSlider.swift in Sources */,
				33104A752535CF9800A90ED7 /* CartoonsViewController.swift in Sources */,
				3373D954250F95240095F78C /* PageViewControllerPresenterProtocol.swift in Sources */,
				334A51C9252CAA53003BCF59 /* CoordinatorProtocol.swift in Sources */,
				33127B542534C49300B84FAE /* DetailsViewController.swift in Sources */,
				332227D125189D2D00EF56B8 /* SettingsViewProtocol.swift in Sources */,
				33127B632534C4EF00B84FAE /* VideoPlayerPresenter.swift in Sources */,
				33B873CF253F3C69008B45B2 /* UIImage + Extension.swift in Sources */,
				33B660CC2502D6E600CA562E /* UIViewController+Extension.swift in Sources */,
				33A17537253769460062EC8C /* CustomPlayerControls.swift in Sources */,
				3334A4D12523344F00AD18C7 /* AccessErrors.swift in Sources */,
				33A3BA2D251E140F004EA0D9 /* AlertService.swift in Sources */,
				332BA35925060346008A8F29 /* AuthorizationViewPresenterProtocol.swift in Sources */,
				330F4E4A25309B9C008D0FC8 /* AuthorizationService.swift in Sources */,
				33127B472534C31300B84FAE /* Cartoon.swift in Sources */,
				330F4E672530EE7B008D0FC8 /* StorageDataManager.swift in Sources */,
				33A3BA2B251CE142004EA0D9 /* General.swift in Sources */,
				330F4DFF252EF697008D0FC8 /* CartoonsAssembly.swift in Sources */,
				332227C52518970900EF56B8 /* FavouritesPresenter.swift in Sources */,
				334A51DF252CDB34003BCF59 /* PresenterProtocol.swift in Sources */,
				33EE7EB2251360B000EA2BF4 /* CustomLabelView.swift in Sources */,
				33B660BB250166C200CA562E /* VerificationViewController.swift in Sources */,
				3373D948250F60B00095F78C /* StreamingFeatureViewController.swift in Sources */,
				33B2AEB2250A63790006BE31 /* CartoonsPresenter.swift in Sources */,
				334A51EF252DC008003BCF59 /* AuthorizationCoordinator.swift in Sources */,
				33B2AEB6250A63A00006BE31 /* CartoonsViewProtocol.swift in Sources */,
				332227C92518973500EF56B8 /* FavouritesViewProtocol.swift in Sources */,
				334A5133252B4433003BCF59 /* RootCoordinator.swift in Sources */,
				33127B5A2534C4B700B84FAE /* DetailsViewPresenterProtocol.swift in Sources */,
				33B2AEA9250A18860006BE31 /* PhoneNumberValidationHelper.swift in Sources */,
				332BA36B25076084008A8F29 /* VerificationViewPresenterProtocol.swift in Sources */,
				330F4E642530ED2D008D0FC8 /* AuthorizationManager.swift in Sources */,
				330F4DFA252EEFDC008D0FC8 /* MainScreenAssembly.swift in Sources */,
				332BA36925069D38008A8F29 /* Constants.swift in Sources */,
				3373D94E250F63CA0095F78C /* AppData.swift in Sources */,
				33EAD3AF2522093000128EEB /* ImagePicker.swift in Sources */,
				332227CB251899BC00EF56B8 /* SettingsViewController.swift in Sources */,
			);
			runOnlyForDeploymentPostprocessing = 0;
		};
/* End PBXSourcesBuildPhase section */

/* Begin PBXTargetDependency section */
		3334A61E2527818A00AD18C7 /* PBXTargetDependency */ = {
			isa = PBXTargetDependency;
			target = 33FF60B624FA45F40077D109 /* Cartoons */;
			targetProxy = 3334A61D2527818A00AD18C7 /* PBXContainerItemProxy */;
		};
/* End PBXTargetDependency section */

/* Begin PBXVariantGroup section */
		3312EDE824FE859F00158EB6 /* Localizable.strings */ = {
			isa = PBXVariantGroup;
			children = (
				3312EDE724FE859F00158EB6 /* en */,
			);
			name = Localizable.strings;
			sourceTree = "<group>";
		};
		33FF60C524FA45F80077D109 /* LaunchScreen.storyboard */ = {
			isa = PBXVariantGroup;
			children = (
				33FF60C624FA45F80077D109 /* Base */,
			);
			name = LaunchScreen.storyboard;
			sourceTree = "<group>";
		};
/* End PBXVariantGroup section */

/* Begin XCBuildConfiguration section */
		3334A61F2527818A00AD18C7 /* Debug */ = {
			isa = XCBuildConfiguration;
			baseConfigurationReference = F1B3FFE22D6CCF9FF9325C4E /* Pods-CartoonsTests.debug.xcconfig */;
			buildSettings = {
				BUNDLE_LOADER = "$(TEST_HOST)";
				CODE_SIGN_STYLE = Automatic;
				DEVELOPMENT_TEAM = 6RB7NH47H2;
				INFOPLIST_FILE = CartoonsTests/Info.plist;
				IPHONEOS_DEPLOYMENT_TARGET = 14.0;
				LD_RUNPATH_SEARCH_PATHS = (
					"$(inherited)",
					"@executable_path/Frameworks",
					"@loader_path/Frameworks",
				);
				NEW_SETTING = "";
				PRODUCT_BUNDLE_IDENTIFIER = com.AlenaNesterkina.CartoonsTests;
				PRODUCT_NAME = "$(TARGET_NAME)";
				SWIFT_VERSION = 5.0;
				TARGETED_DEVICE_FAMILY = "1,2";
				TEST_HOST = "$(BUILT_PRODUCTS_DIR)/Cartoons.app/Cartoons";
			};
			name = Debug;
		};
		3334A6202527818A00AD18C7 /* Release */ = {
			isa = XCBuildConfiguration;
			baseConfigurationReference = 33710661943FC0E3F567D415 /* Pods-CartoonsTests.release.xcconfig */;
			buildSettings = {
				BUNDLE_LOADER = "$(TEST_HOST)";
				CODE_SIGN_STYLE = Automatic;
				DEVELOPMENT_TEAM = 6RB7NH47H2;
				INFOPLIST_FILE = CartoonsTests/Info.plist;
				IPHONEOS_DEPLOYMENT_TARGET = 14.0;
				LD_RUNPATH_SEARCH_PATHS = (
					"$(inherited)",
					"@executable_path/Frameworks",
					"@loader_path/Frameworks",
				);
				NEW_SETTING = "";
				PRODUCT_BUNDLE_IDENTIFIER = com.AlenaNesterkina.CartoonsTests;
				PRODUCT_NAME = "$(TARGET_NAME)";
				SWIFT_VERSION = 5.0;
				TARGETED_DEVICE_FAMILY = "1,2";
				TEST_HOST = "$(BUILT_PRODUCTS_DIR)/Cartoons.app/Cartoons";
			};
			name = Release;
		};
		33FF60C924FA45F80077D109 /* Debug */ = {
			isa = XCBuildConfiguration;
			buildSettings = {
				ALWAYS_SEARCH_USER_PATHS = NO;
				CLANG_ANALYZER_LOCALIZABILITY_NONLOCALIZED = YES;
				CLANG_ANALYZER_NONNULL = YES;
				CLANG_ANALYZER_NUMBER_OBJECT_CONVERSION = YES_AGGRESSIVE;
				CLANG_CXX_LANGUAGE_STANDARD = "gnu++14";
				CLANG_CXX_LIBRARY = "libc++";
				CLANG_ENABLE_MODULES = YES;
				CLANG_ENABLE_OBJC_ARC = YES;
				CLANG_ENABLE_OBJC_WEAK = YES;
				CLANG_WARN_BLOCK_CAPTURE_AUTORELEASING = YES;
				CLANG_WARN_BOOL_CONVERSION = YES;
				CLANG_WARN_COMMA = YES;
				CLANG_WARN_CONSTANT_CONVERSION = YES;
				CLANG_WARN_DEPRECATED_OBJC_IMPLEMENTATIONS = YES;
				CLANG_WARN_DIRECT_OBJC_ISA_USAGE = YES_ERROR;
				CLANG_WARN_DOCUMENTATION_COMMENTS = YES;
				CLANG_WARN_EMPTY_BODY = YES;
				CLANG_WARN_ENUM_CONVERSION = YES;
				CLANG_WARN_INFINITE_RECURSION = YES;
				CLANG_WARN_INT_CONVERSION = YES;
				CLANG_WARN_NON_LITERAL_NULL_CONVERSION = YES;
				CLANG_WARN_OBJC_IMPLICIT_RETAIN_SELF = YES;
				CLANG_WARN_OBJC_LITERAL_CONVERSION = YES;
				CLANG_WARN_OBJC_ROOT_CLASS = YES_ERROR;
				CLANG_WARN_QUOTED_INCLUDE_IN_FRAMEWORK_HEADER = YES;
				CLANG_WARN_RANGE_LOOP_ANALYSIS = YES;
				CLANG_WARN_STRICT_PROTOTYPES = YES;
				CLANG_WARN_SUSPICIOUS_MOVE = YES;
				CLANG_WARN_UNGUARDED_AVAILABILITY = YES_AGGRESSIVE;
				CLANG_WARN_UNREACHABLE_CODE = YES;
				CLANG_WARN__DUPLICATE_METHOD_MATCH = YES;
				COPY_PHASE_STRIP = NO;
				DEBUG_INFORMATION_FORMAT = dwarf;
				ENABLE_STRICT_OBJC_MSGSEND = YES;
				ENABLE_TESTABILITY = YES;
				GCC_C_LANGUAGE_STANDARD = gnu11;
				GCC_DYNAMIC_NO_PIC = NO;
				GCC_NO_COMMON_BLOCKS = YES;
				GCC_OPTIMIZATION_LEVEL = 0;
				GCC_PREPROCESSOR_DEFINITIONS = (
					"DEBUG=1",
					"$(inherited)",
				);
				GCC_WARN_64_TO_32_BIT_CONVERSION = YES;
				GCC_WARN_ABOUT_RETURN_TYPE = YES_ERROR;
				GCC_WARN_UNDECLARED_SELECTOR = YES;
				GCC_WARN_UNINITIALIZED_AUTOS = YES_AGGRESSIVE;
				GCC_WARN_UNUSED_FUNCTION = YES;
				GCC_WARN_UNUSED_VARIABLE = YES;
				IPHONEOS_DEPLOYMENT_TARGET = 13.6;
				MTL_ENABLE_DEBUG_INFO = INCLUDE_SOURCE;
				MTL_FAST_MATH = YES;
				ONLY_ACTIVE_ARCH = YES;
				SDKROOT = iphoneos;
				SWIFT_ACTIVE_COMPILATION_CONDITIONS = DEBUG;
				SWIFT_OPTIMIZATION_LEVEL = "-Onone";
			};
			name = Debug;
		};
		33FF60CA24FA45F80077D109 /* Release */ = {
			isa = XCBuildConfiguration;
			buildSettings = {
				ALWAYS_SEARCH_USER_PATHS = NO;
				CLANG_ANALYZER_LOCALIZABILITY_NONLOCALIZED = YES;
				CLANG_ANALYZER_NONNULL = YES;
				CLANG_ANALYZER_NUMBER_OBJECT_CONVERSION = YES_AGGRESSIVE;
				CLANG_CXX_LANGUAGE_STANDARD = "gnu++14";
				CLANG_CXX_LIBRARY = "libc++";
				CLANG_ENABLE_MODULES = YES;
				CLANG_ENABLE_OBJC_ARC = YES;
				CLANG_ENABLE_OBJC_WEAK = YES;
				CLANG_WARN_BLOCK_CAPTURE_AUTORELEASING = YES;
				CLANG_WARN_BOOL_CONVERSION = YES;
				CLANG_WARN_COMMA = YES;
				CLANG_WARN_CONSTANT_CONVERSION = YES;
				CLANG_WARN_DEPRECATED_OBJC_IMPLEMENTATIONS = YES;
				CLANG_WARN_DIRECT_OBJC_ISA_USAGE = YES_ERROR;
				CLANG_WARN_DOCUMENTATION_COMMENTS = YES;
				CLANG_WARN_EMPTY_BODY = YES;
				CLANG_WARN_ENUM_CONVERSION = YES;
				CLANG_WARN_INFINITE_RECURSION = YES;
				CLANG_WARN_INT_CONVERSION = YES;
				CLANG_WARN_NON_LITERAL_NULL_CONVERSION = YES;
				CLANG_WARN_OBJC_IMPLICIT_RETAIN_SELF = YES;
				CLANG_WARN_OBJC_LITERAL_CONVERSION = YES;
				CLANG_WARN_OBJC_ROOT_CLASS = YES_ERROR;
				CLANG_WARN_QUOTED_INCLUDE_IN_FRAMEWORK_HEADER = YES;
				CLANG_WARN_RANGE_LOOP_ANALYSIS = YES;
				CLANG_WARN_STRICT_PROTOTYPES = YES;
				CLANG_WARN_SUSPICIOUS_MOVE = YES;
				CLANG_WARN_UNGUARDED_AVAILABILITY = YES_AGGRESSIVE;
				CLANG_WARN_UNREACHABLE_CODE = YES;
				CLANG_WARN__DUPLICATE_METHOD_MATCH = YES;
				COPY_PHASE_STRIP = NO;
				DEBUG_INFORMATION_FORMAT = "dwarf-with-dsym";
				ENABLE_NS_ASSERTIONS = NO;
				ENABLE_STRICT_OBJC_MSGSEND = YES;
				GCC_C_LANGUAGE_STANDARD = gnu11;
				GCC_NO_COMMON_BLOCKS = YES;
				GCC_WARN_64_TO_32_BIT_CONVERSION = YES;
				GCC_WARN_ABOUT_RETURN_TYPE = YES_ERROR;
				GCC_WARN_UNDECLARED_SELECTOR = YES;
				GCC_WARN_UNINITIALIZED_AUTOS = YES_AGGRESSIVE;
				GCC_WARN_UNUSED_FUNCTION = YES;
				GCC_WARN_UNUSED_VARIABLE = YES;
				IPHONEOS_DEPLOYMENT_TARGET = 13.6;
				MTL_ENABLE_DEBUG_INFO = NO;
				MTL_FAST_MATH = YES;
				SDKROOT = iphoneos;
				SWIFT_COMPILATION_MODE = wholemodule;
				SWIFT_OPTIMIZATION_LEVEL = "-O";
				VALIDATE_PRODUCT = YES;
			};
			name = Release;
		};
		33FF60CC24FA45F80077D109 /* Debug */ = {
			isa = XCBuildConfiguration;
			baseConfigurationReference = 7B69CCD3D5D1FAC505B09856 /* Pods-Cartoons.debug.xcconfig */;
			buildSettings = {
				ASSETCATALOG_COMPILER_APPICON_NAME = AppIcon;
				CODE_SIGN_IDENTITY = "Apple Development";
				CODE_SIGN_STYLE = Automatic;
				DEVELOPMENT_TEAM = 6RB7NH47H2;
				INFOPLIST_FILE = Cartoons/Resources/Info.plist;
				LD_RUNPATH_SEARCH_PATHS = (
					"$(inherited)",
					"@executable_path/Frameworks",
				);
				PRODUCT_BUNDLE_IDENTIFIER = "com.AlenaNesterkina.kids-cartoons";
				PRODUCT_NAME = "$(TARGET_NAME)";
				PROVISIONING_PROFILE_SPECIFIER = "";
				SWIFT_VERSION = 5.0;
				TARGETED_DEVICE_FAMILY = 1;
			};
			name = Debug;
		};
		33FF60CD24FA45F80077D109 /* Release */ = {
			isa = XCBuildConfiguration;
			baseConfigurationReference = 6CBC91D95B99F79D86B0ED70 /* Pods-Cartoons.release.xcconfig */;
			buildSettings = {
				ASSETCATALOG_COMPILER_APPICON_NAME = AppIcon;
				CODE_SIGN_IDENTITY = "Apple Development";
				CODE_SIGN_STYLE = Automatic;
				DEVELOPMENT_TEAM = 6RB7NH47H2;
				INFOPLIST_FILE = Cartoons/Resources/Info.plist;
				LD_RUNPATH_SEARCH_PATHS = (
					"$(inherited)",
					"@executable_path/Frameworks",
				);
				PRODUCT_BUNDLE_IDENTIFIER = "com.AlenaNesterkina.kids-cartoons";
				PRODUCT_NAME = "$(TARGET_NAME)";
				PROVISIONING_PROFILE_SPECIFIER = "";
				SWIFT_VERSION = 5.0;
				TARGETED_DEVICE_FAMILY = 1;
			};
			name = Release;
		};
/* End XCBuildConfiguration section */

/* Begin XCConfigurationList section */
		3334A6212527818A00AD18C7 /* Build configuration list for PBXNativeTarget "CartoonsTests" */ = {
			isa = XCConfigurationList;
			buildConfigurations = (
				3334A61F2527818A00AD18C7 /* Debug */,
				3334A6202527818A00AD18C7 /* Release */,
			);
			defaultConfigurationIsVisible = 0;
			defaultConfigurationName = Release;
		};
		33FF60B224FA45F40077D109 /* Build configuration list for PBXProject "Cartoons" */ = {
			isa = XCConfigurationList;
			buildConfigurations = (
				33FF60C924FA45F80077D109 /* Debug */,
				33FF60CA24FA45F80077D109 /* Release */,
			);
			defaultConfigurationIsVisible = 0;
			defaultConfigurationName = Release;
		};
		33FF60CB24FA45F80077D109 /* Build configuration list for PBXNativeTarget "Cartoons" */ = {
			isa = XCConfigurationList;
			buildConfigurations = (
				33FF60CC24FA45F80077D109 /* Debug */,
				33FF60CD24FA45F80077D109 /* Release */,
			);
			defaultConfigurationIsVisible = 0;
			defaultConfigurationName = Release;
		};
/* End XCConfigurationList section */

/* Begin XCRemoteSwiftPackageReference section */
		3334A575252630DF00AD18C7 /* XCRemoteSwiftPackageReference "Kingfisher" */ = {
			isa = XCRemoteSwiftPackageReference;
			repositoryURL = "https://github.com/onevcat/Kingfisher";
			requirement = {
				kind = upToNextMajorVersion;
				minimumVersion = 5.15.5;
			};
		};
/* End XCRemoteSwiftPackageReference section */

/* Begin XCSwiftPackageProductDependency section */
		3334A576252630DF00AD18C7 /* Kingfisher */ = {
			isa = XCSwiftPackageProductDependency;
			package = 3334A575252630DF00AD18C7 /* XCRemoteSwiftPackageReference "Kingfisher" */;
			productName = Kingfisher;
		};
/* End XCSwiftPackageProductDependency section */
	};
	rootObject = 33FF60AF24FA45F40077D109 /* Project object */;
}
